// !$*UTF8*$!
{
	archiveVersion = 1;
	classes = {
	};
	objectVersion = 46;
	objects = {

/* Begin PBXBuildFile section */
		6509B17315ECE47C00D2697C /* adjustView.xib in Sources */ = {isa = PBXBuildFile; fileRef = 655C7A9815ECC01900FEEFF4 /* adjustView.xib */; };
		6509B17415ECE47C00D2697C /* AdjustView.m in Sources */ = {isa = PBXBuildFile; fileRef = 655C7AA815ECD0E200FEEFF4 /* AdjustView.m */; };
		6509B17515ECE52900D2697C /* UIView+Animation.m in Sources */ = {isa = PBXBuildFile; fileRef = 655C7A8C15ECBB4E00FEEFF4 /* UIView+Animation.m */; };
		65148E1415EFD1FC00D8458C /* Localizable.strings in Resources */ = {isa = PBXBuildFile; fileRef = 65148E1615EFD1FC00D8458C /* Localizable.strings */; };
		65148E1915EFD5AD00D8458C /* Snickles.ttf in Resources */ = {isa = PBXBuildFile; fileRef = 65148E1815EFD5AD00D8458C /* Snickles.ttf */; };
		65148E4215F1345500D8458C /* FacebookSDK.framework in Frameworks */ = {isa = PBXBuildFile; fileRef = 65148E4115F1345500D8458C /* FacebookSDK.framework */; };
		65148E4415F1348100D8458C /* FacebookSDKResources.bundle in Resources */ = {isa = PBXBuildFile; fileRef = 65148E4315F1348100D8458C /* FacebookSDKResources.bundle */; };
		65148E4615F1363900D8458C /* shareView.xib in Resources */ = {isa = PBXBuildFile; fileRef = 65148E4515F1363900D8458C /* shareView.xib */; };
		65148E4915F1366300D8458C /* ShareView.m in Sources */ = {isa = PBXBuildFile; fileRef = 65148E4815F1366300D8458C /* ShareView.m */; };
		65148E6C15F15E1300D8458C /* MBProgressHUD.m in Sources */ = {isa = PBXBuildFile; fileRef = 65148E6B15F15E1300D8458C /* MBProgressHUD.m */; };
		65148E7F15F16B5600D8458C /* shareFB@2x.png in Resources */ = {isa = PBXBuildFile; fileRef = 65148E7C15F16B5600D8458C /* shareFB@2x.png */; };
		65148E8015F16B5600D8458C /* shareMail@2x.png in Resources */ = {isa = PBXBuildFile; fileRef = 65148E7D15F16B5600D8458C /* shareMail@2x.png */; };
		65148E8115F16B5600D8458C /* shareTwitter@2x.png in Resources */ = {isa = PBXBuildFile; fileRef = 65148E7E15F16B5600D8458C /* shareTwitter@2x.png */; };
		65148E8315F170B600D8458C /* Twitter.framework in Frameworks */ = {isa = PBXBuildFile; fileRef = 65148E8215F170B600D8458C /* Twitter.framework */; };
		652C0AF115F7380A008A794D /* ATPhotoScrollView.m in Sources */ = {isa = PBXBuildFile; fileRef = 652C0AF015F7380A008A794D /* ATPhotoScrollView.m */; };
		652C0AF715F73A86008A794D /* ImageScrollView.m in Sources */ = {isa = PBXBuildFile; fileRef = 652C0AF615F73A86008A794D /* ImageScrollView.m */; };
		652C0AFE15F7C1DE008A794D /* Frame.m in Sources */ = {isa = PBXBuildFile; fileRef = 652C0AFD15F7C1DE008A794D /* Frame.m */; };
		652C0B0415F7CF33008A794D /* stelle_v.png in Resources */ = {isa = PBXBuildFile; fileRef = 652C0B0315F7CF33008A794D /* stelle_v.png */; };
		652C0B0A15F7E733008A794D /* Album.m in Sources */ = {isa = PBXBuildFile; fileRef = 652C0B0915F7E733008A794D /* Album.m */; };
		655C7A9215ECBDF700FEEFF4 /* colorIcon@2x.png in Resources */ = {isa = PBXBuildFile; fileRef = 655C7A8E15ECBDF700FEEFF4 /* colorIcon@2x.png */; };
		655C7A9315ECBDF700FEEFF4 /* deleteIcon@2x.png in Resources */ = {isa = PBXBuildFile; fileRef = 655C7A8F15ECBDF700FEEFF4 /* deleteIcon@2x.png */; };
		655C7A9415ECBDF700FEEFF4 /* frameIcon@2x.png in Resources */ = {isa = PBXBuildFile; fileRef = 655C7A9015ECBDF700FEEFF4 /* frameIcon@2x.png */; };
		655C7A9515ECBDF700FEEFF4 /* shareIcon@2x.png in Resources */ = {isa = PBXBuildFile; fileRef = 655C7A9115ECBDF700FEEFF4 /* shareIcon@2x.png */; };
		655C7A9915ECC01900FEEFF4 /* adjustView.xib in Resources */ = {isa = PBXBuildFile; fileRef = 655C7A9815ECC01900FEEFF4 /* adjustView.xib */; };
		655C7A9E15ECC6EC00FEEFF4 /* backgroundSubView@2x.png in Resources */ = {isa = PBXBuildFile; fileRef = 655C7A9D15ECC6EC00FEEFF4 /* backgroundSubView@2x.png */; };
		655C7AA415ECCBEE00FEEFF4 /* CoreImage.framework in Frameworks */ = {isa = PBXBuildFile; fileRef = 655C7AA315ECCBEE00FEEFF4 /* CoreImage.framework */; };
		655C7AA615ECCC6A00FEEFF4 /* brightnessIcon@2x.png in Resources */ = {isa = PBXBuildFile; fileRef = 655C7AA515ECCC6A00FEEFF4 /* brightnessIcon@2x.png */; };
		6563083115EE8BF50007A36B /* frameSelectView.xib in Resources */ = {isa = PBXBuildFile; fileRef = 6563083015EE8BF50007A36B /* frameSelectView.xib */; };
		6563083415EE8C480007A36B /* FrameSelectView.m in Sources */ = {isa = PBXBuildFile; fileRef = 6563083315EE8C480007A36B /* FrameSelectView.m */; };
		6563083615EE8CCF0007A36B /* frameList.plist in Resources */ = {isa = PBXBuildFile; fileRef = 6563083515EE8CCF0007A36B /* frameList.plist */; };
		6563084015EE9F6D0007A36B /* verde.png in Resources */ = {isa = PBXBuildFile; fileRef = 6563083F15EE9F6D0007A36B /* verde.png */; };
		6563084315EEA07C0007A36B /* verde_sample.png in Resources */ = {isa = PBXBuildFile; fileRef = 6563084215EEA07C0007A36B /* verde_sample.png */; };
		6563084515EEA2740007A36B /* stelle.png in Resources */ = {isa = PBXBuildFile; fileRef = 6563084415EEA2740007A36B /* stelle.png */; };
		6563084715EEA27B0007A36B /* stelle_sample.png in Resources */ = {isa = PBXBuildFile; fileRef = 6563084615EEA27B0007A36B /* stelle_sample.png */; };
		6563084915EEA2F80007A36B /* niente.png in Resources */ = {isa = PBXBuildFile; fileRef = 6563084815EEA2F80007A36B /* niente.png */; };
		65631E6815F91A4400353D4F /* HelveticaRoundedLTStd-Bd.otf in Resources */ = {isa = PBXBuildFile; fileRef = 65631E6715F91A4400353D4F /* HelveticaRoundedLTStd-Bd.otf */; };
		65631E6A15F92CE600353D4F /* cornicefoto@2x.png in Resources */ = {isa = PBXBuildFile; fileRef = 65631E6915F92CE600353D4F /* cornicefoto@2x.png */; };
		65631E6C15F92FEF00353D4F /* AlbumInfoView.xib in Resources */ = {isa = PBXBuildFile; fileRef = 65631E6B15F92FEF00353D4F /* AlbumInfoView.xib */; };
		65631E6F15F9303E00353D4F /* AlbumInfoView.m in Sources */ = {isa = PBXBuildFile; fileRef = 65631E6E15F9303E00353D4F /* AlbumInfoView.m */; };
		65631E7315F9440F00353D4F /* backCaption@2x.png in Resources */ = {isa = PBXBuildFile; fileRef = 65631E7215F9440F00353D4F /* backCaption@2x.png */; };
		656696B515FB29B600EBC598 /* caption_hover@2x.png in Resources */ = {isa = PBXBuildFile; fileRef = 656696AB15FB29B500EBC598 /* caption_hover@2x.png */; };
		656696B615FB29B600EBC598 /* caption@2x.png in Resources */ = {isa = PBXBuildFile; fileRef = 656696AC15FB29B500EBC598 /* caption@2x.png */; };
		656696B715FB29B600EBC598 /* frame_hover@2x.png in Resources */ = {isa = PBXBuildFile; fileRef = 656696AD15FB29B500EBC598 /* frame_hover@2x.png */; };
		656696B815FB29B600EBC598 /* frame@2x.png in Resources */ = {isa = PBXBuildFile; fileRef = 656696AE15FB29B500EBC598 /* frame@2x.png */; };
		656696B915FB29B600EBC598 /* img_edit_hover@2x.png in Resources */ = {isa = PBXBuildFile; fileRef = 656696AF15FB29B600EBC598 /* img_edit_hover@2x.png */; };
		656696BA15FB29B600EBC598 /* img_edit@2x.png in Resources */ = {isa = PBXBuildFile; fileRef = 656696B015FB29B600EBC598 /* img_edit@2x.png */; };
		656696BB15FB29B600EBC598 /* share_hover@2x.png in Resources */ = {isa = PBXBuildFile; fileRef = 656696B115FB29B600EBC598 /* share_hover@2x.png */; };
		656696BC15FB29B600EBC598 /* share@2x.png in Resources */ = {isa = PBXBuildFile; fileRef = 656696B215FB29B600EBC598 /* share@2x.png */; };
		656696BD15FB29B600EBC598 /* trash_hover@2x.png in Resources */ = {isa = PBXBuildFile; fileRef = 656696B315FB29B600EBC598 /* trash_hover@2x.png */; };
		656696BE15FB29B600EBC598 /* trash@2x.png in Resources */ = {isa = PBXBuildFile; fileRef = 656696B415FB29B600EBC598 /* trash@2x.png */; };
		656696D215FB2D4900EBC598 /* album_hover@2x.png in Resources */ = {isa = PBXBuildFile; fileRef = 656696CC15FB2D4900EBC598 /* album_hover@2x.png */; };
		656696D315FB2D4900EBC598 /* album@2x.png in Resources */ = {isa = PBXBuildFile; fileRef = 656696CD15FB2D4900EBC598 /* album@2x.png */; };
		656696D415FB2D4900EBC598 /* camera_active@2x.png in Resources */ = {isa = PBXBuildFile; fileRef = 656696CE15FB2D4900EBC598 /* camera_active@2x.png */; };
		656696D515FB2D4900EBC598 /* camera@2x.png in Resources */ = {isa = PBXBuildFile; fileRef = 656696CF15FB2D4900EBC598 /* camera@2x.png */; };
		656696D615FB2D4900EBC598 /* kids_hover@2x.png in Resources */ = {isa = PBXBuildFile; fileRef = 656696D015FB2D4900EBC598 /* kids_hover@2x.png */; };
		656696D715FB2D4900EBC598 /* kids@2x.png in Resources */ = {isa = PBXBuildFile; fileRef = 656696D115FB2D4900EBC598 /* kids@2x.png */; };
		656696E215FB2FAA00EBC598 /* blu_diamond.jpg in Resources */ = {isa = PBXBuildFile; fileRef = 656696D915FB2FAA00EBC598 /* blu_diamond.jpg */; };
		656696E315FB2FAA00EBC598 /* green_diamond.jpg in Resources */ = {isa = PBXBuildFile; fileRef = 656696DA15FB2FAA00EBC598 /* green_diamond.jpg */; };
		656696E415FB2FAA00EBC598 /* green_pois.jpg in Resources */ = {isa = PBXBuildFile; fileRef = 656696DB15FB2FAA00EBC598 /* green_pois.jpg */; };
		656696E515FB2FAA00EBC598 /* green_star.jpg in Resources */ = {isa = PBXBuildFile; fileRef = 656696DC15FB2FAA00EBC598 /* green_star.jpg */; };
		656696E615FB2FAA00EBC598 /* mixstar.jpg in Resources */ = {isa = PBXBuildFile; fileRef = 656696DD15FB2FAA00EBC598 /* mixstar.jpg */; };
		656696E715FB2FAA00EBC598 /* pink_pois.jpg in Resources */ = {isa = PBXBuildFile; fileRef = 656696DE15FB2FAA00EBC598 /* pink_pois.jpg */; };
		656696E815FB2FAA00EBC598 /* violet_square.jpg in Resources */ = {isa = PBXBuildFile; fileRef = 656696DF15FB2FAA00EBC598 /* violet_square.jpg */; };
		656696E915FB2FAA00EBC598 /* violet_star.jpg in Resources */ = {isa = PBXBuildFile; fileRef = 656696E015FB2FAA00EBC598 /* violet_star.jpg */; };
		656696EA15FB2FAA00EBC598 /* violetsoft_lines.jpg in Resources */ = {isa = PBXBuildFile; fileRef = 656696E115FB2FAA00EBC598 /* violetsoft_lines.jpg */; };
		656696F415FB2FF100EBC598 /* blu_diamond_t.jpg in Resources */ = {isa = PBXBuildFile; fileRef = 656696EB15FB2FF100EBC598 /* blu_diamond_t.jpg */; };
		656696F515FB2FF100EBC598 /* green_diamond_t.jpg in Resources */ = {isa = PBXBuildFile; fileRef = 656696EC15FB2FF100EBC598 /* green_diamond_t.jpg */; };
		656696F615FB2FF100EBC598 /* green_pois_t.jpg in Resources */ = {isa = PBXBuildFile; fileRef = 656696ED15FB2FF100EBC598 /* green_pois_t.jpg */; };
		656696F715FB2FF100EBC598 /* green_star_t.jpg in Resources */ = {isa = PBXBuildFile; fileRef = 656696EE15FB2FF100EBC598 /* green_star_t.jpg */; };
		656696F815FB2FF100EBC598 /* mixstar_t.jpg in Resources */ = {isa = PBXBuildFile; fileRef = 656696EF15FB2FF100EBC598 /* mixstar_t.jpg */; };
		656696F915FB2FF100EBC598 /* pink_pois_t.jpg in Resources */ = {isa = PBXBuildFile; fileRef = 656696F015FB2FF100EBC598 /* pink_pois_t.jpg */; };
		656696FA15FB2FF100EBC598 /* violet_square_t.jpg in Resources */ = {isa = PBXBuildFile; fileRef = 656696F115FB2FF100EBC598 /* violet_square_t.jpg */; };
		656696FB15FB2FF100EBC598 /* violet_star_t.jpg in Resources */ = {isa = PBXBuildFile; fileRef = 656696F215FB2FF100EBC598 /* violet_star_t.jpg */; };
		656696FC15FB2FF100EBC598 /* violetsoft_lines_t.jpg in Resources */ = {isa = PBXBuildFile; fileRef = 656696F315FB2FF100EBC598 /* violetsoft_lines_t.jpg */; };
		656696FE15FB300400EBC598 /* albumBackground.plist in Resources */ = {isa = PBXBuildFile; fileRef = 656696FD15FB300400EBC598 /* albumBackground.plist */; };
		6566970115FB31BB00EBC598 /* BackAlbum.m in Sources */ = {isa = PBXBuildFile; fileRef = 6566970015FB31BB00EBC598 /* BackAlbum.m */; };
		65B7289A15D564AF0025D692 /* SelectAlbumViewController.m in Sources */ = {isa = PBXBuildFile; fileRef = 65B7289915D564AF0025D692 /* SelectAlbumViewController.m */; };
		65B7289D15D569E50025D692 /* newAlbumViewController.m in Sources */ = {isa = PBXBuildFile; fileRef = 65B7289C15D569E50025D692 /* newAlbumViewController.m */; };
		65BFC25615F6B5D2001B61D5 /* ATScrollView.m in Sources */ = {isa = PBXBuildFile; fileRef = 65BFC25515F6B5D2001B61D5 /* ATScrollView.m */; };
		65D461DC15D1882F00B79679 /* MyTabBarViewController.m in Sources */ = {isa = PBXBuildFile; fileRef = 65D461DB15D1882F00B79679 /* MyTabBarViewController.m */; };
		65D461EC15D2D15700B79679 /* TakePictureViewController.m in Sources */ = {isa = PBXBuildFile; fileRef = 65D461EB15D2D15700B79679 /* TakePictureViewController.m */; };
		65D461EF15D2DDD800B79679 /* SegueWithNoAnimation.m in Sources */ = {isa = PBXBuildFile; fileRef = 65D461EE15D2DDD800B79679 /* SegueWithNoAnimation.m */; };
		65D461FB15D2EC7800B79679 /* AlbumManager.m in Sources */ = {isa = PBXBuildFile; fileRef = 65D461FA15D2EC7800B79679 /* AlbumManager.m */; };
		65D4620415D2F66300B79679 /* AlbumViewController.m in Sources */ = {isa = PBXBuildFile; fileRef = 65D4620315D2F66200B79679 /* AlbumViewController.m */; };
		65D4624515D2F85900B79679 /* AlbumCell.m in Sources */ = {isa = PBXBuildFile; fileRef = 65D4624415D2F85900B79679 /* AlbumCell.m */; };
		65D4624715D302FE00B79679 /* backAlbumCell.png in Resources */ = {isa = PBXBuildFile; fileRef = 65D4624615D302FE00B79679 /* backAlbumCell.png */; };
		65D4625815D3108100B79679 /* tick.aiff in Resources */ = {isa = PBXBuildFile; fileRef = 65D4625715D3108100B79679 /* tick.aiff */; };
		65D4625E15D31CCE00B79679 /* CustomOverlayView.m in Sources */ = {isa = PBXBuildFile; fileRef = 65D4625D15D31CCE00B79679 /* CustomOverlayView.m */; };
		65D4627A15D450D400B79679 /* home.jpg in Resources */ = {isa = PBXBuildFile; fileRef = 65D4627915D450D400B79679 /* home.jpg */; };
		65D4628015D543A500B79679 /* SketchManager.m in Sources */ = {isa = PBXBuildFile; fileRef = 65D4627F15D543A500B79679 /* SketchManager.m */; };
		65D4628A15D5519500B79679 /* EditSketchInfoViewController.m in Sources */ = {isa = PBXBuildFile; fileRef = 65D4628915D5519500B79679 /* EditSketchInfoViewController.m */; };
		65D4629F15D556B900B79679 /* libGMGridView.a in Frameworks */ = {isa = PBXBuildFile; fileRef = 65D4629E15D556A000B79679 /* libGMGridView.a */; };
		65F9D59015F9F2B700A15B7D /* tabella@2x.png in Resources */ = {isa = PBXBuildFile; fileRef = 65F9D58F15F9F2B700A15B7D /* tabella@2x.png */; };
		65F9D59415F9FEF600A15B7D /* kidCellBack@2x.png in Resources */ = {isa = PBXBuildFile; fileRef = 65F9D59315F9FEF600A15B7D /* kidCellBack@2x.png */; };
		65F9D59815FA040000A15B7D /* contrastIcon@2x.png in Resources */ = {isa = PBXBuildFile; fileRef = 65F9D59715FA040000A15B7D /* contrastIcon@2x.png */; };
		65F9D59B15FA05BA00A15B7D /* MessageUI.framework in Frameworks */ = {isa = PBXBuildFile; fileRef = 65F9D59A15FA05BA00A15B7D /* MessageUI.framework */; };
		65F9D59F15FA09B100A15B7D /* facebookIcon@2x.png in Resources */ = {isa = PBXBuildFile; fileRef = 65F9D59C15FA09B000A15B7D /* facebookIcon@2x.png */; };
		65F9D5A015FA09B100A15B7D /* mailcon@2x.png in Resources */ = {isa = PBXBuildFile; fileRef = 65F9D59D15FA09B000A15B7D /* mailcon@2x.png */; };
		65F9D5A115FA09B100A15B7D /* twitterIcon@2x.png in Resources */ = {isa = PBXBuildFile; fileRef = 65F9D59E15FA09B000A15B7D /* twitterIcon@2x.png */; };
		65F9D5A415FA0E2E00A15B7D /* selectCopertinaViewController.m in Sources */ = {isa = PBXBuildFile; fileRef = 65F9D5A315FA0E2E00A15B7D /* selectCopertinaViewController.m */; };
		65FA966C15CD263900AC0CCD /* UIKit.framework in Frameworks */ = {isa = PBXBuildFile; fileRef = 65FA966B15CD263900AC0CCD /* UIKit.framework */; };
		65FA966E15CD263900AC0CCD /* Foundation.framework in Frameworks */ = {isa = PBXBuildFile; fileRef = 65FA966D15CD263900AC0CCD /* Foundation.framework */; };
		65FA967015CD263900AC0CCD /* CoreGraphics.framework in Frameworks */ = {isa = PBXBuildFile; fileRef = 65FA966F15CD263900AC0CCD /* CoreGraphics.framework */; };
		65FA967615CD263900AC0CCD /* InfoPlist.strings in Resources */ = {isa = PBXBuildFile; fileRef = 65FA967415CD263900AC0CCD /* InfoPlist.strings */; };
		65FA967815CD263900AC0CCD /* main.m in Sources */ = {isa = PBXBuildFile; fileRef = 65FA967715CD263900AC0CCD /* main.m */; };
		65FA967C15CD263900AC0CCD /* AppDelegate.m in Sources */ = {isa = PBXBuildFile; fileRef = 65FA967B15CD263900AC0CCD /* AppDelegate.m */; };
		65FA967F15CD263900AC0CCD /* MainStoryboard.storyboard in Resources */ = {isa = PBXBuildFile; fileRef = 65FA967D15CD263900AC0CCD /* MainStoryboard.storyboard */; };
		65FA968215CD263A00AC0CCD /* ViewController.m in Sources */ = {isa = PBXBuildFile; fileRef = 65FA968115CD263A00AC0CCD /* ViewController.m */; };
		65FA968D15CD2F7100AC0CCD /* UIToolbar+extension.m in Sources */ = {isa = PBXBuildFile; fileRef = 65FA968C15CD2F7100AC0CCD /* UIToolbar+extension.m */; };
		65FA969115CD32A900AC0CCD /* toolBarBack@2x.png in Resources */ = {isa = PBXBuildFile; fileRef = 65FA969015CD32A900AC0CCD /* toolBarBack@2x.png */; };
		65FA969315CD335300AC0CCD /* pen_icon@2x.png in Resources */ = {isa = PBXBuildFile; fileRef = 65FA969215CD335300AC0CCD /* pen_icon@2x.png */; };
		65FA969615CD3A0700AC0CCD /* HomeViewController.m in Sources */ = {isa = PBXBuildFile; fileRef = 65FA969515CD3A0700AC0CCD /* HomeViewController.m */; };
		65FA969815CD3BC300AC0CCD /* toolBackHome@2x.png in Resources */ = {isa = PBXBuildFile; fileRef = 65FA969715CD3BC300AC0CCD /* toolBackHome@2x.png */; };
		65FA969A15CD3C8900AC0CCD /* backHome@2x.png in Resources */ = {isa = PBXBuildFile; fileRef = 65FA969915CD3C8900AC0CCD /* backHome@2x.png */; };
		65FA969F15CD3E2200AC0CCD /* cameraIcon@2x.png in Resources */ = {isa = PBXBuildFile; fileRef = 65FA969C15CD3E2200AC0CCD /* cameraIcon@2x.png */; };
		65FA96A315CD411F00AC0CCD /* albumIcon@2x.png in Resources */ = {isa = PBXBuildFile; fileRef = 65FA96A115CD411F00AC0CCD /* albumIcon@2x.png */; };
		65FA96A415CD411F00AC0CCD /* kidsIcon@2x.png in Resources */ = {isa = PBXBuildFile; fileRef = 65FA96A215CD411F00AC0CCD /* kidsIcon@2x.png */; };
		65FA96A815CD770900AC0CCD /* navigationBar@2x.png in Resources */ = {isa = PBXBuildFile; fileRef = 65FA96A715CD770900AC0CCD /* navigationBar@2x.png */; };
		65FA96AE15CD7A4900AC0CCD /* QuartzCore.framework in Frameworks */ = {isa = PBXBuildFile; fileRef = 65FA96AD15CD7A4900AC0CCD /* QuartzCore.framework */; };
		65FA96B115CD7A9600AC0CCD /* UIImage+Scale.m in Sources */ = {isa = PBXBuildFile; fileRef = 65FA96B015CD7A9600AC0CCD /* UIImage+Scale.m */; };
		65FA96B315CD7CAE00AC0CCD /* sampleSketch.png in Resources */ = {isa = PBXBuildFile; fileRef = 65FA96B215CD7CAE00AC0CCD /* sampleSketch.png */; };
		65FA96B715CD835D00AC0CCD /* albumBar@2x.png in Resources */ = {isa = PBXBuildFile; fileRef = 65FA96B615CD835D00AC0CCD /* albumBar@2x.png */; };
		65FA96B915CD867800AC0CCD /* addFavorites@2x.png in Resources */ = {isa = PBXBuildFile; fileRef = 65FA96B815CD867800AC0CCD /* addFavorites@2x.png */; };
		65FA96C415CD8F0D00AC0CCD /* UIView+PartialCurl.m in Sources */ = {isa = PBXBuildFile; fileRef = 65FA96C315CD8F0D00AC0CCD /* UIView+PartialCurl.m */; };
		65FA96C915CE478F00AC0CCD /* kidsViewController.m in Sources */ = {isa = PBXBuildFile; fileRef = 65FA96C815CE478F00AC0CCD /* kidsViewController.m */; };
		65FA96CB15CE49D300AC0CCD /* greyBar@2x.png in Resources */ = {isa = PBXBuildFile; fileRef = 65FA96CA15CE49D300AC0CCD /* greyBar@2x.png */; };
		65FA96CD15CE4DCD00AC0CCD /* backKidsViola.png in Resources */ = {isa = PBXBuildFile; fileRef = 65FA96CC15CE4DCD00AC0CCD /* backKidsViola.png */; };
		65FA96CF15CE514200AC0CCD /* strisciaGialla@2x.png in Resources */ = {isa = PBXBuildFile; fileRef = 65FA96CE15CE514200AC0CCD /* strisciaGialla@2x.png */; };
		65FA96D115CE53DC00AC0CCD /* corniceBimbo@2x.png in Resources */ = {isa = PBXBuildFile; fileRef = 65FA96D015CE53DC00AC0CCD /* corniceBimbo@2x.png */; };
		65FA96D415CE561900AC0CCD /* sketchkidModel.xcdatamodeld in Sources */ = {isa = PBXBuildFile; fileRef = 65FA96D215CE561900AC0CCD /* sketchkidModel.xcdatamodeld */; };
		65FA96DA15CE57B800AC0CCD /* CoreData.framework in Frameworks */ = {isa = PBXBuildFile; fileRef = 65FA96D915CE57B800AC0CCD /* CoreData.framework */; };
		65FA96DD15D0281E00AC0CCD /* DataManager.m in Sources */ = {isa = PBXBuildFile; fileRef = 65FA96DC15D0281E00AC0CCD /* DataManager.m */; };
		65FA96E015D0290300AC0CCD /* newKidViewController.m in Sources */ = {isa = PBXBuildFile; fileRef = 65FA96DF15D0290300AC0CCD /* newKidViewController.m */; };
		65FA96E215D02B2900AC0CCD /* bckInserimento@2x.png in Resources */ = {isa = PBXBuildFile; fileRef = 65FA96E115D02B2900AC0CCD /* bckInserimento@2x.png */; };
		65FA96E415D02C5E00AC0CCD /* bottoneSalva@2x.png in Resources */ = {isa = PBXBuildFile; fileRef = 65FA96E315D02C5E00AC0CCD /* bottoneSalva@2x.png */; };
		65FA96E615D02DCE00AC0CCD /* evidenzia@2x.png in Resources */ = {isa = PBXBuildFile; fileRef = 65FA96E515D02DCE00AC0CCD /* evidenzia@2x.png */; };
		65FA96E815D02ED200AC0CCD /* bambinoDefault@2x.png in Resources */ = {isa = PBXBuildFile; fileRef = 65FA96E715D02ED200AC0CCD /* bambinoDefault@2x.png */; };
		65FA96EB15D030CC00AC0CCD /* Kid.m in Sources */ = {isa = PBXBuildFile; fileRef = 65FA96EA15D030CC00AC0CCD /* Kid.m */; };
		65FA97A415D05EAC00AC0CCD /* close_x.png in Resources */ = {isa = PBXBuildFile; fileRef = 65FA97A315D05EAC00AC0CCD /* close_x.png */; };
		65FA97A615D0697B00AC0CCD /* bambinoDefault2@2x.png in Resources */ = {isa = PBXBuildFile; fileRef = 65FA97A515D0697B00AC0CCD /* bambinoDefault2@2x.png */; };
		B5075FB615D6BCC400B28FA1 /* SelectKidViewController.m in Sources */ = {isa = PBXBuildFile; fileRef = B5075FB515D6BCC400B28FA1 /* SelectKidViewController.m */; };
		B5075FB915D6BDFB00B28FA1 /* kidCell.m in Sources */ = {isa = PBXBuildFile; fileRef = B5075FB815D6BDFB00B28FA1 /* kidCell.m */; };
		B5075FBC15D6C0E900B28FA1 /* Sketch.m in Sources */ = {isa = PBXBuildFile; fileRef = B5075FBB15D6C0E900B28FA1 /* Sketch.m */; };
		B5FF1BFB15D63F0A004D42AF /* cancelCameraIcon@2x.png in Resources */ = {isa = PBXBuildFile; fileRef = B5FF1BF915D63F0A004D42AF /* cancelCameraIcon@2x.png */; };
		B5FF1BFC15D63F0A004D42AF /* savePhotosIcon@2x.png in Resources */ = {isa = PBXBuildFile; fileRef = B5FF1BFA15D63F0A004D42AF /* savePhotosIcon@2x.png */; };
		B5FF1C0215D6431C004D42AF /* MKNumberBadgeView.m in Sources */ = {isa = PBXBuildFile; fileRef = B5FF1C0115D6431B004D42AF /* MKNumberBadgeView.m */; settings = {COMPILER_FLAGS = " -fno-objc-arc"; }; };
/* End PBXBuildFile section */

/* Begin PBXContainerItemProxy section */
		65D4629D15D556A000B79679 /* PBXContainerItemProxy */ = {
			isa = PBXContainerItemProxy;
			containerPortal = 65D4629615D556A000B79679 /* GMGridView.xcodeproj */;
			proxyType = 2;
			remoteGlobalIDString = 78509312149FAC2E000787E4;
			remoteInfo = GMGridView;
		};
/* End PBXContainerItemProxy section */

/* Begin PBXFileReference section */
		65148E1515EFD1FC00D8458C /* en */ = {isa = PBXFileReference; lastKnownFileType = text.plist.strings; name = en; path = en.lproj/Localizable.strings; sourceTree = "<group>"; };
		65148E1715EFD42C00D8458C /* it */ = {isa = PBXFileReference; lastKnownFileType = text.plist.strings; name = it; path = it.lproj/Localizable.strings; sourceTree = "<group>"; };
		65148E1815EFD5AD00D8458C /* Snickles.ttf */ = {isa = PBXFileReference; lastKnownFileType = file; path = Snickles.ttf; sourceTree = "<group>"; };
		65148E4115F1345500D8458C /* FacebookSDK.framework */ = {isa = PBXFileReference; lastKnownFileType = wrapper.framework; name = FacebookSDK.framework; path = ../../Documents/FacebookSDK/FacebookSDK.framework; sourceTree = "<group>"; };
		65148E4315F1348100D8458C /* FacebookSDKResources.bundle */ = {isa = PBXFileReference; lastKnownFileType = "wrapper.plug-in"; name = FacebookSDKResources.bundle; path = ../../Documents/FacebookSDK/FacebookSDK.framework/Versions/A/Resources/FacebookSDKResources.bundle; sourceTree = "<group>"; };
		65148E4515F1363900D8458C /* shareView.xib */ = {isa = PBXFileReference; fileEncoding = 4; lastKnownFileType = file.xib; path = shareView.xib; sourceTree = "<group>"; };
		65148E4715F1366300D8458C /* ShareView.h */ = {isa = PBXFileReference; fileEncoding = 4; lastKnownFileType = sourcecode.c.h; path = ShareView.h; sourceTree = "<group>"; };
		65148E4815F1366300D8458C /* ShareView.m */ = {isa = PBXFileReference; fileEncoding = 4; lastKnownFileType = sourcecode.c.objc; path = ShareView.m; sourceTree = "<group>"; };
		65148E6A15F15E1300D8458C /* MBProgressHUD.h */ = {isa = PBXFileReference; fileEncoding = 4; lastKnownFileType = sourcecode.c.h; path = MBProgressHUD.h; sourceTree = "<group>"; };
		65148E6B15F15E1300D8458C /* MBProgressHUD.m */ = {isa = PBXFileReference; fileEncoding = 4; lastKnownFileType = sourcecode.c.objc; path = MBProgressHUD.m; sourceTree = "<group>"; };
		65148E7C15F16B5600D8458C /* shareFB@2x.png */ = {isa = PBXFileReference; lastKnownFileType = image.png; path = "shareFB@2x.png"; sourceTree = "<group>"; };
		65148E7D15F16B5600D8458C /* shareMail@2x.png */ = {isa = PBXFileReference; lastKnownFileType = image.png; path = "shareMail@2x.png"; sourceTree = "<group>"; };
		65148E7E15F16B5600D8458C /* shareTwitter@2x.png */ = {isa = PBXFileReference; lastKnownFileType = image.png; path = "shareTwitter@2x.png"; sourceTree = "<group>"; };
		65148E8215F170B600D8458C /* Twitter.framework */ = {isa = PBXFileReference; lastKnownFileType = wrapper.framework; name = Twitter.framework; path = System/Library/Frameworks/Twitter.framework; sourceTree = SDKROOT; };
		652C0AEF15F7380A008A794D /* ATPhotoScrollView.h */ = {isa = PBXFileReference; fileEncoding = 4; lastKnownFileType = sourcecode.c.h; path = ATPhotoScrollView.h; sourceTree = "<group>"; };
		652C0AF015F7380A008A794D /* ATPhotoScrollView.m */ = {isa = PBXFileReference; fileEncoding = 4; lastKnownFileType = sourcecode.c.objc; path = ATPhotoScrollView.m; sourceTree = "<group>"; };
		652C0AF515F73A86008A794D /* ImageScrollView.h */ = {isa = PBXFileReference; fileEncoding = 4; lastKnownFileType = sourcecode.c.h; path = ImageScrollView.h; sourceTree = "<group>"; };
		652C0AF615F73A86008A794D /* ImageScrollView.m */ = {isa = PBXFileReference; fileEncoding = 4; lastKnownFileType = sourcecode.c.objc; path = ImageScrollView.m; sourceTree = "<group>"; };
		652C0AFC15F7C1DE008A794D /* Frame.h */ = {isa = PBXFileReference; fileEncoding = 4; lastKnownFileType = sourcecode.c.h; path = Frame.h; sourceTree = "<group>"; };
		652C0AFD15F7C1DE008A794D /* Frame.m */ = {isa = PBXFileReference; fileEncoding = 4; lastKnownFileType = sourcecode.c.objc; path = Frame.m; sourceTree = "<group>"; };
		652C0B0315F7CF33008A794D /* stelle_v.png */ = {isa = PBXFileReference; lastKnownFileType = image.png; path = stelle_v.png; sourceTree = "<group>"; };
		652C0B0815F7E733008A794D /* Album.h */ = {isa = PBXFileReference; fileEncoding = 4; lastKnownFileType = sourcecode.c.h; path = Album.h; sourceTree = "<group>"; };
		652C0B0915F7E733008A794D /* Album.m */ = {isa = PBXFileReference; fileEncoding = 4; lastKnownFileType = sourcecode.c.objc; path = Album.m; sourceTree = "<group>"; };
		655C7A8B15ECBB4E00FEEFF4 /* UIView+Animation.h */ = {isa = PBXFileReference; fileEncoding = 4; lastKnownFileType = sourcecode.c.h; path = "UIView+Animation.h"; sourceTree = "<group>"; };
		655C7A8C15ECBB4E00FEEFF4 /* UIView+Animation.m */ = {isa = PBXFileReference; fileEncoding = 4; lastKnownFileType = sourcecode.c.objc; path = "UIView+Animation.m"; sourceTree = "<group>"; };
		655C7A8E15ECBDF700FEEFF4 /* colorIcon@2x.png */ = {isa = PBXFileReference; lastKnownFileType = image.png; path = "colorIcon@2x.png"; sourceTree = "<group>"; };
		655C7A8F15ECBDF700FEEFF4 /* deleteIcon@2x.png */ = {isa = PBXFileReference; lastKnownFileType = image.png; path = "deleteIcon@2x.png"; sourceTree = "<group>"; };
		655C7A9015ECBDF700FEEFF4 /* frameIcon@2x.png */ = {isa = PBXFileReference; lastKnownFileType = image.png; path = "frameIcon@2x.png"; sourceTree = "<group>"; };
		655C7A9115ECBDF700FEEFF4 /* shareIcon@2x.png */ = {isa = PBXFileReference; lastKnownFileType = image.png; path = "shareIcon@2x.png"; sourceTree = "<group>"; };
		655C7A9815ECC01900FEEFF4 /* adjustView.xib */ = {isa = PBXFileReference; fileEncoding = 4; lastKnownFileType = file.xib; path = adjustView.xib; sourceTree = "<group>"; };
		655C7A9D15ECC6EC00FEEFF4 /* backgroundSubView@2x.png */ = {isa = PBXFileReference; lastKnownFileType = image.png; path = "backgroundSubView@2x.png"; sourceTree = "<group>"; };
		655C7AA315ECCBEE00FEEFF4 /* CoreImage.framework */ = {isa = PBXFileReference; lastKnownFileType = wrapper.framework; name = CoreImage.framework; path = System/Library/Frameworks/CoreImage.framework; sourceTree = SDKROOT; };
		655C7AA515ECCC6A00FEEFF4 /* brightnessIcon@2x.png */ = {isa = PBXFileReference; lastKnownFileType = image.png; path = "brightnessIcon@2x.png"; sourceTree = "<group>"; };
		655C7AA715ECD0E200FEEFF4 /* AdjustView.h */ = {isa = PBXFileReference; fileEncoding = 4; lastKnownFileType = sourcecode.c.h; path = AdjustView.h; sourceTree = "<group>"; };
		655C7AA815ECD0E200FEEFF4 /* AdjustView.m */ = {isa = PBXFileReference; fileEncoding = 4; lastKnownFileType = sourcecode.c.objc; path = AdjustView.m; sourceTree = "<group>"; };
		6563083015EE8BF50007A36B /* frameSelectView.xib */ = {isa = PBXFileReference; fileEncoding = 4; lastKnownFileType = file.xib; path = frameSelectView.xib; sourceTree = "<group>"; };
		6563083215EE8C480007A36B /* FrameSelectView.h */ = {isa = PBXFileReference; fileEncoding = 4; lastKnownFileType = sourcecode.c.h; path = FrameSelectView.h; sourceTree = "<group>"; };
		6563083315EE8C480007A36B /* FrameSelectView.m */ = {isa = PBXFileReference; fileEncoding = 4; lastKnownFileType = sourcecode.c.objc; path = FrameSelectView.m; sourceTree = "<group>"; };
		6563083515EE8CCF0007A36B /* frameList.plist */ = {isa = PBXFileReference; fileEncoding = 4; lastKnownFileType = text.plist.xml; name = frameList.plist; path = sketchkid_Beta/frameList.plist; sourceTree = "<group>"; };
		6563083F15EE9F6D0007A36B /* verde.png */ = {isa = PBXFileReference; lastKnownFileType = image.png; name = verde.png; path = sketchkid_Beta/verde.png; sourceTree = "<group>"; };
		6563084215EEA07C0007A36B /* verde_sample.png */ = {isa = PBXFileReference; lastKnownFileType = image.png; path = verde_sample.png; sourceTree = "<group>"; };
		6563084415EEA2740007A36B /* stelle.png */ = {isa = PBXFileReference; lastKnownFileType = image.png; path = stelle.png; sourceTree = "<group>"; };
		6563084615EEA27B0007A36B /* stelle_sample.png */ = {isa = PBXFileReference; lastKnownFileType = image.png; path = stelle_sample.png; sourceTree = "<group>"; };
		6563084815EEA2F80007A36B /* niente.png */ = {isa = PBXFileReference; lastKnownFileType = image.png; path = niente.png; sourceTree = "<group>"; };
		65631E6715F91A4400353D4F /* HelveticaRoundedLTStd-Bd.otf */ = {isa = PBXFileReference; lastKnownFileType = file; path = "HelveticaRoundedLTStd-Bd.otf"; sourceTree = "<group>"; };
		65631E6915F92CE600353D4F /* cornicefoto@2x.png */ = {isa = PBXFileReference; lastKnownFileType = image.png; path = "cornicefoto@2x.png"; sourceTree = "<group>"; };
		65631E6B15F92FEF00353D4F /* AlbumInfoView.xib */ = {isa = PBXFileReference; fileEncoding = 4; lastKnownFileType = file.xib; path = AlbumInfoView.xib; sourceTree = "<group>"; };
		65631E6D15F9303E00353D4F /* AlbumInfoView.h */ = {isa = PBXFileReference; fileEncoding = 4; lastKnownFileType = sourcecode.c.h; path = AlbumInfoView.h; sourceTree = "<group>"; };
		65631E6E15F9303E00353D4F /* AlbumInfoView.m */ = {isa = PBXFileReference; fileEncoding = 4; lastKnownFileType = sourcecode.c.objc; path = AlbumInfoView.m; sourceTree = "<group>"; };
		65631E7215F9440F00353D4F /* backCaption@2x.png */ = {isa = PBXFileReference; lastKnownFileType = image.png; path = "backCaption@2x.png"; sourceTree = "<group>"; };
		656696AB15FB29B500EBC598 /* caption_hover@2x.png */ = {isa = PBXFileReference; lastKnownFileType = image.png; path = "caption_hover@2x.png"; sourceTree = "<group>"; };
		656696AC15FB29B500EBC598 /* caption@2x.png */ = {isa = PBXFileReference; lastKnownFileType = image.png; path = "caption@2x.png"; sourceTree = "<group>"; };
		656696AD15FB29B500EBC598 /* frame_hover@2x.png */ = {isa = PBXFileReference; lastKnownFileType = image.png; path = "frame_hover@2x.png"; sourceTree = "<group>"; };
		656696AE15FB29B500EBC598 /* frame@2x.png */ = {isa = PBXFileReference; lastKnownFileType = image.png; path = "frame@2x.png"; sourceTree = "<group>"; };
		656696AF15FB29B600EBC598 /* img_edit_hover@2x.png */ = {isa = PBXFileReference; lastKnownFileType = image.png; path = "img_edit_hover@2x.png"; sourceTree = "<group>"; };
		656696B015FB29B600EBC598 /* img_edit@2x.png */ = {isa = PBXFileReference; lastKnownFileType = image.png; path = "img_edit@2x.png"; sourceTree = "<group>"; };
		656696B115FB29B600EBC598 /* share_hover@2x.png */ = {isa = PBXFileReference; lastKnownFileType = image.png; path = "share_hover@2x.png"; sourceTree = "<group>"; };
		656696B215FB29B600EBC598 /* share@2x.png */ = {isa = PBXFileReference; lastKnownFileType = image.png; path = "share@2x.png"; sourceTree = "<group>"; };
		656696B315FB29B600EBC598 /* trash_hover@2x.png */ = {isa = PBXFileReference; lastKnownFileType = image.png; path = "trash_hover@2x.png"; sourceTree = "<group>"; };
		656696B415FB29B600EBC598 /* trash@2x.png */ = {isa = PBXFileReference; lastKnownFileType = image.png; path = "trash@2x.png"; sourceTree = "<group>"; };
		656696CC15FB2D4900EBC598 /* album_hover@2x.png */ = {isa = PBXFileReference; lastKnownFileType = image.png; path = "album_hover@2x.png"; sourceTree = "<group>"; };
		656696CD15FB2D4900EBC598 /* album@2x.png */ = {isa = PBXFileReference; lastKnownFileType = image.png; path = "album@2x.png"; sourceTree = "<group>"; };
		656696CE15FB2D4900EBC598 /* camera_active@2x.png */ = {isa = PBXFileReference; lastKnownFileType = image.png; path = "camera_active@2x.png"; sourceTree = "<group>"; };
		656696CF15FB2D4900EBC598 /* camera@2x.png */ = {isa = PBXFileReference; lastKnownFileType = image.png; path = "camera@2x.png"; sourceTree = "<group>"; };
		656696D015FB2D4900EBC598 /* kids_hover@2x.png */ = {isa = PBXFileReference; lastKnownFileType = image.png; path = "kids_hover@2x.png"; sourceTree = "<group>"; };
		656696D115FB2D4900EBC598 /* kids@2x.png */ = {isa = PBXFileReference; lastKnownFileType = image.png; path = "kids@2x.png"; sourceTree = "<group>"; };
		656696D915FB2FAA00EBC598 /* blu_diamond.jpg */ = {isa = PBXFileReference; lastKnownFileType = image.jpeg; path = blu_diamond.jpg; sourceTree = "<group>"; };
		656696DA15FB2FAA00EBC598 /* green_diamond.jpg */ = {isa = PBXFileReference; lastKnownFileType = image.jpeg; path = green_diamond.jpg; sourceTree = "<group>"; };
		656696DB15FB2FAA00EBC598 /* green_pois.jpg */ = {isa = PBXFileReference; lastKnownFileType = image.jpeg; path = green_pois.jpg; sourceTree = "<group>"; };
		656696DC15FB2FAA00EBC598 /* green_star.jpg */ = {isa = PBXFileReference; lastKnownFileType = image.jpeg; path = green_star.jpg; sourceTree = "<group>"; };
		656696DD15FB2FAA00EBC598 /* mixstar.jpg */ = {isa = PBXFileReference; lastKnownFileType = image.jpeg; path = mixstar.jpg; sourceTree = "<group>"; };
		656696DE15FB2FAA00EBC598 /* pink_pois.jpg */ = {isa = PBXFileReference; lastKnownFileType = image.jpeg; path = pink_pois.jpg; sourceTree = "<group>"; };
		656696DF15FB2FAA00EBC598 /* violet_square.jpg */ = {isa = PBXFileReference; lastKnownFileType = image.jpeg; path = violet_square.jpg; sourceTree = "<group>"; };
		656696E015FB2FAA00EBC598 /* violet_star.jpg */ = {isa = PBXFileReference; lastKnownFileType = image.jpeg; path = violet_star.jpg; sourceTree = "<group>"; };
		656696E115FB2FAA00EBC598 /* violetsoft_lines.jpg */ = {isa = PBXFileReference; lastKnownFileType = image.jpeg; path = violetsoft_lines.jpg; sourceTree = "<group>"; };
		656696EB15FB2FF100EBC598 /* blu_diamond_t.jpg */ = {isa = PBXFileReference; lastKnownFileType = image.jpeg; path = blu_diamond_t.jpg; sourceTree = "<group>"; };
		656696EC15FB2FF100EBC598 /* green_diamond_t.jpg */ = {isa = PBXFileReference; lastKnownFileType = image.jpeg; path = green_diamond_t.jpg; sourceTree = "<group>"; };
		656696ED15FB2FF100EBC598 /* green_pois_t.jpg */ = {isa = PBXFileReference; lastKnownFileType = image.jpeg; path = green_pois_t.jpg; sourceTree = "<group>"; };
		656696EE15FB2FF100EBC598 /* green_star_t.jpg */ = {isa = PBXFileReference; lastKnownFileType = image.jpeg; path = green_star_t.jpg; sourceTree = "<group>"; };
		656696EF15FB2FF100EBC598 /* mixstar_t.jpg */ = {isa = PBXFileReference; lastKnownFileType = image.jpeg; path = mixstar_t.jpg; sourceTree = "<group>"; };
		656696F015FB2FF100EBC598 /* pink_pois_t.jpg */ = {isa = PBXFileReference; lastKnownFileType = image.jpeg; path = pink_pois_t.jpg; sourceTree = "<group>"; };
		656696F115FB2FF100EBC598 /* violet_square_t.jpg */ = {isa = PBXFileReference; lastKnownFileType = image.jpeg; path = violet_square_t.jpg; sourceTree = "<group>"; };
		656696F215FB2FF100EBC598 /* violet_star_t.jpg */ = {isa = PBXFileReference; lastKnownFileType = image.jpeg; path = violet_star_t.jpg; sourceTree = "<group>"; };
		656696F315FB2FF100EBC598 /* violetsoft_lines_t.jpg */ = {isa = PBXFileReference; lastKnownFileType = image.jpeg; path = violetsoft_lines_t.jpg; sourceTree = "<group>"; };
		656696FD15FB300400EBC598 /* albumBackground.plist */ = {isa = PBXFileReference; fileEncoding = 4; lastKnownFileType = text.plist.xml; path = albumBackground.plist; sourceTree = "<group>"; };
		656696FF15FB31BB00EBC598 /* BackAlbum.h */ = {isa = PBXFileReference; fileEncoding = 4; lastKnownFileType = sourcecode.c.h; path = BackAlbum.h; sourceTree = "<group>"; };
		6566970015FB31BB00EBC598 /* BackAlbum.m */ = {isa = PBXFileReference; fileEncoding = 4; lastKnownFileType = sourcecode.c.objc; path = BackAlbum.m; sourceTree = "<group>"; };
		65B2255315FA42C600C0F8EA /* it */ = {isa = PBXFileReference; lastKnownFileType = file.storyboard; name = it; path = it.lproj/MainStoryboard.storyboard; sourceTree = "<group>"; };
		65B7289815D564AF0025D692 /* SelectAlbumViewController.h */ = {isa = PBXFileReference; fileEncoding = 4; lastKnownFileType = sourcecode.c.h; path = SelectAlbumViewController.h; sourceTree = "<group>"; };
		65B7289915D564AF0025D692 /* SelectAlbumViewController.m */ = {isa = PBXFileReference; fileEncoding = 4; lastKnownFileType = sourcecode.c.objc; path = SelectAlbumViewController.m; sourceTree = "<group>"; };
		65B7289B15D569E50025D692 /* newAlbumViewController.h */ = {isa = PBXFileReference; fileEncoding = 4; lastKnownFileType = sourcecode.c.h; path = newAlbumViewController.h; sourceTree = "<group>"; };
		65B7289C15D569E50025D692 /* newAlbumViewController.m */ = {isa = PBXFileReference; fileEncoding = 4; lastKnownFileType = sourcecode.c.objc; path = newAlbumViewController.m; sourceTree = "<group>"; };
		65BFC25415F6B5D2001B61D5 /* ATScrollView.h */ = {isa = PBXFileReference; fileEncoding = 4; lastKnownFileType = sourcecode.c.h; path = ATScrollView.h; sourceTree = "<group>"; };
		65BFC25515F6B5D2001B61D5 /* ATScrollView.m */ = {isa = PBXFileReference; fileEncoding = 4; lastKnownFileType = sourcecode.c.objc; path = ATScrollView.m; sourceTree = "<group>"; };
		65D461DA15D1882F00B79679 /* MyTabBarViewController.h */ = {isa = PBXFileReference; fileEncoding = 4; lastKnownFileType = sourcecode.c.h; name = MyTabBarViewController.h; path = sketchkid_Beta/MyTabBarViewController.h; sourceTree = "<group>"; };
		65D461DB15D1882F00B79679 /* MyTabBarViewController.m */ = {isa = PBXFileReference; fileEncoding = 4; lastKnownFileType = sourcecode.c.objc; name = MyTabBarViewController.m; path = sketchkid_Beta/MyTabBarViewController.m; sourceTree = "<group>"; };
		65D461EA15D2D15700B79679 /* TakePictureViewController.h */ = {isa = PBXFileReference; fileEncoding = 4; lastKnownFileType = sourcecode.c.h; path = TakePictureViewController.h; sourceTree = "<group>"; };
		65D461EB15D2D15700B79679 /* TakePictureViewController.m */ = {isa = PBXFileReference; fileEncoding = 4; lastKnownFileType = sourcecode.c.objc; path = TakePictureViewController.m; sourceTree = "<group>"; };
		65D461ED15D2DDD800B79679 /* SegueWithNoAnimation.h */ = {isa = PBXFileReference; fileEncoding = 4; lastKnownFileType = sourcecode.c.h; path = SegueWithNoAnimation.h; sourceTree = "<group>"; };
		65D461EE15D2DDD800B79679 /* SegueWithNoAnimation.m */ = {isa = PBXFileReference; fileEncoding = 4; lastKnownFileType = sourcecode.c.objc; path = SegueWithNoAnimation.m; sourceTree = "<group>"; };
		65D461F915D2EC7700B79679 /* AlbumManager.h */ = {isa = PBXFileReference; fileEncoding = 4; lastKnownFileType = sourcecode.c.h; path = AlbumManager.h; sourceTree = "<group>"; };
		65D461FA15D2EC7800B79679 /* AlbumManager.m */ = {isa = PBXFileReference; fileEncoding = 4; lastKnownFileType = sourcecode.c.objc; path = AlbumManager.m; sourceTree = "<group>"; };
		65D4620215D2F66200B79679 /* AlbumViewController.h */ = {isa = PBXFileReference; fileEncoding = 4; lastKnownFileType = sourcecode.c.h; path = AlbumViewController.h; sourceTree = "<group>"; };
		65D4620315D2F66200B79679 /* AlbumViewController.m */ = {isa = PBXFileReference; fileEncoding = 4; lastKnownFileType = sourcecode.c.objc; path = AlbumViewController.m; sourceTree = "<group>"; };
		65D4624315D2F85900B79679 /* AlbumCell.h */ = {isa = PBXFileReference; fileEncoding = 4; lastKnownFileType = sourcecode.c.h; path = AlbumCell.h; sourceTree = "<group>"; };
		65D4624415D2F85900B79679 /* AlbumCell.m */ = {isa = PBXFileReference; fileEncoding = 4; lastKnownFileType = sourcecode.c.objc; path = AlbumCell.m; sourceTree = "<group>"; };
		65D4624615D302FE00B79679 /* backAlbumCell.png */ = {isa = PBXFileReference; lastKnownFileType = image.png; path = backAlbumCell.png; sourceTree = "<group>"; };
		65D4625715D3108100B79679 /* tick.aiff */ = {isa = PBXFileReference; lastKnownFileType = audio.aiff; path = tick.aiff; sourceTree = "<group>"; };
		65D4625C15D31CCD00B79679 /* CustomOverlayView.h */ = {isa = PBXFileReference; fileEncoding = 4; lastKnownFileType = sourcecode.c.h; path = CustomOverlayView.h; sourceTree = "<group>"; };
		65D4625D15D31CCE00B79679 /* CustomOverlayView.m */ = {isa = PBXFileReference; fileEncoding = 4; lastKnownFileType = sourcecode.c.objc; path = CustomOverlayView.m; sourceTree = "<group>"; };
		65D4627915D450D400B79679 /* home.jpg */ = {isa = PBXFileReference; lastKnownFileType = image.jpeg; path = home.jpg; sourceTree = "<group>"; };
		65D4627E15D543A500B79679 /* SketchManager.h */ = {isa = PBXFileReference; fileEncoding = 4; lastKnownFileType = sourcecode.c.h; path = SketchManager.h; sourceTree = "<group>"; };
		65D4627F15D543A500B79679 /* SketchManager.m */ = {isa = PBXFileReference; fileEncoding = 4; lastKnownFileType = sourcecode.c.objc; path = SketchManager.m; sourceTree = "<group>"; };
		65D4628815D5519500B79679 /* EditSketchInfoViewController.h */ = {isa = PBXFileReference; fileEncoding = 4; lastKnownFileType = sourcecode.c.h; path = EditSketchInfoViewController.h; sourceTree = "<group>"; };
		65D4628915D5519500B79679 /* EditSketchInfoViewController.m */ = {isa = PBXFileReference; fileEncoding = 4; lastKnownFileType = sourcecode.c.objc; path = EditSketchInfoViewController.m; sourceTree = "<group>"; };
		65D4629615D556A000B79679 /* GMGridView.xcodeproj */ = {isa = PBXFileReference; lastKnownFileType = "wrapper.pb-project"; name = GMGridView.xcodeproj; path = GMGridView/GMGridView.xcodeproj; sourceTree = "<group>"; };
		65F9D58F15F9F2B700A15B7D /* tabella@2x.png */ = {isa = PBXFileReference; lastKnownFileType = image.png; path = "tabella@2x.png"; sourceTree = "<group>"; };
		65F9D59315F9FEF600A15B7D /* kidCellBack@2x.png */ = {isa = PBXFileReference; lastKnownFileType = image.png; path = "kidCellBack@2x.png"; sourceTree = "<group>"; };
		65F9D59715FA040000A15B7D /* contrastIcon@2x.png */ = {isa = PBXFileReference; lastKnownFileType = image.png; path = "contrastIcon@2x.png"; sourceTree = "<group>"; };
		65F9D59A15FA05BA00A15B7D /* MessageUI.framework */ = {isa = PBXFileReference; lastKnownFileType = wrapper.framework; name = MessageUI.framework; path = System/Library/Frameworks/MessageUI.framework; sourceTree = SDKROOT; };
		65F9D59C15FA09B000A15B7D /* facebookIcon@2x.png */ = {isa = PBXFileReference; lastKnownFileType = image.png; path = "facebookIcon@2x.png"; sourceTree = "<group>"; };
		65F9D59D15FA09B000A15B7D /* mailcon@2x.png */ = {isa = PBXFileReference; lastKnownFileType = image.png; path = "mailcon@2x.png"; sourceTree = "<group>"; };
		65F9D59E15FA09B000A15B7D /* twitterIcon@2x.png */ = {isa = PBXFileReference; lastKnownFileType = image.png; path = "twitterIcon@2x.png"; sourceTree = "<group>"; };
		65F9D5A215FA0E2E00A15B7D /* selectCopertinaViewController.h */ = {isa = PBXFileReference; fileEncoding = 4; lastKnownFileType = sourcecode.c.h; path = selectCopertinaViewController.h; sourceTree = "<group>"; };
		65F9D5A315FA0E2E00A15B7D /* selectCopertinaViewController.m */ = {isa = PBXFileReference; fileEncoding = 4; lastKnownFileType = sourcecode.c.objc; path = selectCopertinaViewController.m; sourceTree = "<group>"; };
		65FA966715CD263900AC0CCD /* kidsArt.app */ = {isa = PBXFileReference; explicitFileType = wrapper.application; includeInIndex = 0; path = kidsArt.app; sourceTree = BUILT_PRODUCTS_DIR; };
		65FA966B15CD263900AC0CCD /* UIKit.framework */ = {isa = PBXFileReference; lastKnownFileType = wrapper.framework; name = UIKit.framework; path = System/Library/Frameworks/UIKit.framework; sourceTree = SDKROOT; };
		65FA966D15CD263900AC0CCD /* Foundation.framework */ = {isa = PBXFileReference; lastKnownFileType = wrapper.framework; name = Foundation.framework; path = System/Library/Frameworks/Foundation.framework; sourceTree = SDKROOT; };
		65FA966F15CD263900AC0CCD /* CoreGraphics.framework */ = {isa = PBXFileReference; lastKnownFileType = wrapper.framework; name = CoreGraphics.framework; path = System/Library/Frameworks/CoreGraphics.framework; sourceTree = SDKROOT; };
		65FA967315CD263900AC0CCD /* kidsArt-Info.plist */ = {isa = PBXFileReference; lastKnownFileType = text.plist.xml; path = "kidsArt-Info.plist"; sourceTree = "<group>"; };
		65FA967515CD263900AC0CCD /* en */ = {isa = PBXFileReference; lastKnownFileType = text.plist.strings; name = en; path = en.lproj/InfoPlist.strings; sourceTree = "<group>"; };
		65FA967715CD263900AC0CCD /* main.m */ = {isa = PBXFileReference; lastKnownFileType = sourcecode.c.objc; path = main.m; sourceTree = "<group>"; };
		65FA967915CD263900AC0CCD /* kidsArt-Prefix.pch */ = {isa = PBXFileReference; lastKnownFileType = sourcecode.c.h; path = "kidsArt-Prefix.pch"; sourceTree = "<group>"; };
		65FA967A15CD263900AC0CCD /* AppDelegate.h */ = {isa = PBXFileReference; lastKnownFileType = sourcecode.c.h; path = AppDelegate.h; sourceTree = "<group>"; };
		65FA967B15CD263900AC0CCD /* AppDelegate.m */ = {isa = PBXFileReference; lastKnownFileType = sourcecode.c.objc; path = AppDelegate.m; sourceTree = "<group>"; };
		65FA967E15CD263900AC0CCD /* en */ = {isa = PBXFileReference; lastKnownFileType = file.storyboard; name = en; path = en.lproj/MainStoryboard.storyboard; sourceTree = "<group>"; };
		65FA968015CD263A00AC0CCD /* ViewController.h */ = {isa = PBXFileReference; lastKnownFileType = sourcecode.c.h; name = ViewController.h; path = sketchkid_Beta/ViewController.h; sourceTree = "<group>"; };
		65FA968115CD263A00AC0CCD /* ViewController.m */ = {isa = PBXFileReference; lastKnownFileType = sourcecode.c.objc; name = ViewController.m; path = sketchkid_Beta/ViewController.m; sourceTree = "<group>"; };
		65FA968B15CD2F7100AC0CCD /* UIToolbar+extension.h */ = {isa = PBXFileReference; fileEncoding = 4; lastKnownFileType = sourcecode.c.h; path = "UIToolbar+extension.h"; sourceTree = "<group>"; };
		65FA968C15CD2F7100AC0CCD /* UIToolbar+extension.m */ = {isa = PBXFileReference; fileEncoding = 4; lastKnownFileType = sourcecode.c.objc; path = "UIToolbar+extension.m"; sourceTree = "<group>"; };
		65FA969015CD32A900AC0CCD /* toolBarBack@2x.png */ = {isa = PBXFileReference; lastKnownFileType = image.png; path = "toolBarBack@2x.png"; sourceTree = "<group>"; };
		65FA969215CD335300AC0CCD /* pen_icon@2x.png */ = {isa = PBXFileReference; lastKnownFileType = image.png; path = "pen_icon@2x.png"; sourceTree = "<group>"; };
		65FA969415CD3A0700AC0CCD /* HomeViewController.h */ = {isa = PBXFileReference; fileEncoding = 4; lastKnownFileType = sourcecode.c.h; name = HomeViewController.h; path = sketchkid_Beta/HomeViewController.h; sourceTree = "<group>"; };
		65FA969515CD3A0700AC0CCD /* HomeViewController.m */ = {isa = PBXFileReference; fileEncoding = 4; lastKnownFileType = sourcecode.c.objc; name = HomeViewController.m; path = sketchkid_Beta/HomeViewController.m; sourceTree = "<group>"; };
		65FA969715CD3BC300AC0CCD /* toolBackHome@2x.png */ = {isa = PBXFileReference; lastKnownFileType = image.png; path = "toolBackHome@2x.png"; sourceTree = "<group>"; };
		65FA969915CD3C8900AC0CCD /* backHome@2x.png */ = {isa = PBXFileReference; lastKnownFileType = image.png; path = "backHome@2x.png"; sourceTree = "<group>"; };
		65FA969C15CD3E2200AC0CCD /* cameraIcon@2x.png */ = {isa = PBXFileReference; lastKnownFileType = image.png; path = "cameraIcon@2x.png"; sourceTree = "<group>"; };
		65FA96A115CD411F00AC0CCD /* albumIcon@2x.png */ = {isa = PBXFileReference; lastKnownFileType = image.png; path = "albumIcon@2x.png"; sourceTree = "<group>"; };
		65FA96A215CD411F00AC0CCD /* kidsIcon@2x.png */ = {isa = PBXFileReference; lastKnownFileType = image.png; path = "kidsIcon@2x.png"; sourceTree = "<group>"; };
		65FA96A715CD770900AC0CCD /* navigationBar@2x.png */ = {isa = PBXFileReference; lastKnownFileType = image.png; path = "navigationBar@2x.png"; sourceTree = "<group>"; };
		65FA96AD15CD7A4900AC0CCD /* QuartzCore.framework */ = {isa = PBXFileReference; lastKnownFileType = wrapper.framework; name = QuartzCore.framework; path = System/Library/Frameworks/QuartzCore.framework; sourceTree = SDKROOT; };
		65FA96AF15CD7A9600AC0CCD /* UIImage+Scale.h */ = {isa = PBXFileReference; fileEncoding = 4; lastKnownFileType = sourcecode.c.h; path = "UIImage+Scale.h"; sourceTree = "<group>"; };
		65FA96B015CD7A9600AC0CCD /* UIImage+Scale.m */ = {isa = PBXFileReference; fileEncoding = 4; lastKnownFileType = sourcecode.c.objc; path = "UIImage+Scale.m"; sourceTree = "<group>"; };
		65FA96B215CD7CAE00AC0CCD /* sampleSketch.png */ = {isa = PBXFileReference; lastKnownFileType = image.png; path = sampleSketch.png; sourceTree = "<group>"; };
		65FA96B615CD835D00AC0CCD /* albumBar@2x.png */ = {isa = PBXFileReference; lastKnownFileType = image.png; path = "albumBar@2x.png"; sourceTree = "<group>"; };
		65FA96B815CD867800AC0CCD /* addFavorites@2x.png */ = {isa = PBXFileReference; lastKnownFileType = image.png; path = "addFavorites@2x.png"; sourceTree = "<group>"; };
		65FA96C215CD8F0D00AC0CCD /* UIView+PartialCurl.h */ = {isa = PBXFileReference; fileEncoding = 4; lastKnownFileType = sourcecode.c.h; path = "UIView+PartialCurl.h"; sourceTree = "<group>"; };
		65FA96C315CD8F0D00AC0CCD /* UIView+PartialCurl.m */ = {isa = PBXFileReference; fileEncoding = 4; lastKnownFileType = sourcecode.c.objc; path = "UIView+PartialCurl.m"; sourceTree = "<group>"; };
		65FA96C715CE478F00AC0CCD /* kidsViewController.h */ = {isa = PBXFileReference; fileEncoding = 4; lastKnownFileType = sourcecode.c.h; path = kidsViewController.h; sourceTree = "<group>"; };
		65FA96C815CE478F00AC0CCD /* kidsViewController.m */ = {isa = PBXFileReference; fileEncoding = 4; lastKnownFileType = sourcecode.c.objc; path = kidsViewController.m; sourceTree = "<group>"; };
		65FA96CA15CE49D300AC0CCD /* greyBar@2x.png */ = {isa = PBXFileReference; lastKnownFileType = image.png; path = "greyBar@2x.png"; sourceTree = "<group>"; };
		65FA96CC15CE4DCD00AC0CCD /* backKidsViola.png */ = {isa = PBXFileReference; lastKnownFileType = image.png; path = backKidsViola.png; sourceTree = "<group>"; };
		65FA96CE15CE514200AC0CCD /* strisciaGialla@2x.png */ = {isa = PBXFileReference; lastKnownFileType = image.png; path = "strisciaGialla@2x.png"; sourceTree = "<group>"; };
		65FA96D015CE53DC00AC0CCD /* corniceBimbo@2x.png */ = {isa = PBXFileReference; lastKnownFileType = image.png; path = "corniceBimbo@2x.png"; sourceTree = "<group>"; };
		65FA96D315CE561900AC0CCD /* sketchkidModel.xcdatamodel */ = {isa = PBXFileReference; lastKnownFileType = wrapper.xcdatamodel; path = sketchkidModel.xcdatamodel; sourceTree = "<group>"; };
		65FA96D915CE57B800AC0CCD /* CoreData.framework */ = {isa = PBXFileReference; lastKnownFileType = wrapper.framework; name = CoreData.framework; path = System/Library/Frameworks/CoreData.framework; sourceTree = SDKROOT; };
		65FA96DB15D0281E00AC0CCD /* DataManager.h */ = {isa = PBXFileReference; fileEncoding = 4; lastKnownFileType = sourcecode.c.h; path = DataManager.h; sourceTree = "<group>"; };
		65FA96DC15D0281E00AC0CCD /* DataManager.m */ = {isa = PBXFileReference; fileEncoding = 4; lastKnownFileType = sourcecode.c.objc; path = DataManager.m; sourceTree = "<group>"; };
		65FA96DE15D0290300AC0CCD /* newKidViewController.h */ = {isa = PBXFileReference; fileEncoding = 4; lastKnownFileType = sourcecode.c.h; path = newKidViewController.h; sourceTree = "<group>"; };
		65FA96DF15D0290300AC0CCD /* newKidViewController.m */ = {isa = PBXFileReference; fileEncoding = 4; lastKnownFileType = sourcecode.c.objc; path = newKidViewController.m; sourceTree = "<group>"; };
		65FA96E115D02B2900AC0CCD /* bckInserimento@2x.png */ = {isa = PBXFileReference; lastKnownFileType = image.png; path = "bckInserimento@2x.png"; sourceTree = "<group>"; };
		65FA96E315D02C5E00AC0CCD /* bottoneSalva@2x.png */ = {isa = PBXFileReference; lastKnownFileType = image.png; path = "bottoneSalva@2x.png"; sourceTree = "<group>"; };
		65FA96E515D02DCE00AC0CCD /* evidenzia@2x.png */ = {isa = PBXFileReference; lastKnownFileType = image.png; path = "evidenzia@2x.png"; sourceTree = "<group>"; };
		65FA96E715D02ED200AC0CCD /* bambinoDefault@2x.png */ = {isa = PBXFileReference; lastKnownFileType = image.png; path = "bambinoDefault@2x.png"; sourceTree = "<group>"; };
		65FA96E915D030CC00AC0CCD /* Kid.h */ = {isa = PBXFileReference; fileEncoding = 4; lastKnownFileType = sourcecode.c.h; name = Kid.h; path = ../Kid.h; sourceTree = "<group>"; };
		65FA96EA15D030CC00AC0CCD /* Kid.m */ = {isa = PBXFileReference; fileEncoding = 4; lastKnownFileType = sourcecode.c.objc; name = Kid.m; path = ../Kid.m; sourceTree = "<group>"; };
		65FA97A315D05EAC00AC0CCD /* close_x.png */ = {isa = PBXFileReference; lastKnownFileType = image.png; path = close_x.png; sourceTree = "<group>"; };
		65FA97A515D0697B00AC0CCD /* bambinoDefault2@2x.png */ = {isa = PBXFileReference; lastKnownFileType = image.png; path = "bambinoDefault2@2x.png"; sourceTree = "<group>"; };
		B5075FB415D6BCC400B28FA1 /* SelectKidViewController.h */ = {isa = PBXFileReference; fileEncoding = 4; lastKnownFileType = sourcecode.c.h; path = SelectKidViewController.h; sourceTree = "<group>"; };
		B5075FB515D6BCC400B28FA1 /* SelectKidViewController.m */ = {isa = PBXFileReference; fileEncoding = 4; lastKnownFileType = sourcecode.c.objc; path = SelectKidViewController.m; sourceTree = "<group>"; };
		B5075FB715D6BDFB00B28FA1 /* kidCell.h */ = {isa = PBXFileReference; fileEncoding = 4; lastKnownFileType = sourcecode.c.h; path = kidCell.h; sourceTree = "<group>"; };
		B5075FB815D6BDFB00B28FA1 /* kidCell.m */ = {isa = PBXFileReference; fileEncoding = 4; lastKnownFileType = sourcecode.c.objc; path = kidCell.m; sourceTree = "<group>"; };
		B5075FBA15D6C0E900B28FA1 /* Sketch.h */ = {isa = PBXFileReference; fileEncoding = 4; lastKnownFileType = sourcecode.c.h; path = Sketch.h; sourceTree = "<group>"; };
		B5075FBB15D6C0E900B28FA1 /* Sketch.m */ = {isa = PBXFileReference; fileEncoding = 4; lastKnownFileType = sourcecode.c.objc; path = Sketch.m; sourceTree = "<group>"; };
		B5FF1BF915D63F0A004D42AF /* cancelCameraIcon@2x.png */ = {isa = PBXFileReference; lastKnownFileType = image.png; path = "cancelCameraIcon@2x.png"; sourceTree = "<group>"; };
		B5FF1BFA15D63F0A004D42AF /* savePhotosIcon@2x.png */ = {isa = PBXFileReference; lastKnownFileType = image.png; path = "savePhotosIcon@2x.png"; sourceTree = "<group>"; };
		B5FF1C0015D6431B004D42AF /* MKNumberBadgeView.h */ = {isa = PBXFileReference; fileEncoding = 4; lastKnownFileType = sourcecode.c.h; path = MKNumberBadgeView.h; sourceTree = "<group>"; };
		B5FF1C0115D6431B004D42AF /* MKNumberBadgeView.m */ = {isa = PBXFileReference; fileEncoding = 4; lastKnownFileType = sourcecode.c.objc; path = MKNumberBadgeView.m; sourceTree = "<group>"; };
/* End PBXFileReference section */

/* Begin PBXFrameworksBuildPhase section */
		65FA966415CD263900AC0CCD /* Frameworks */ = {
			isa = PBXFrameworksBuildPhase;
			buildActionMask = 2147483647;
			files = (
				65F9D59B15FA05BA00A15B7D /* MessageUI.framework in Frameworks */,
				65148E8315F170B600D8458C /* Twitter.framework in Frameworks */,
				655C7AA415ECCBEE00FEEFF4 /* CoreImage.framework in Frameworks */,
				65D4629F15D556B900B79679 /* libGMGridView.a in Frameworks */,
				65FA96DA15CE57B800AC0CCD /* CoreData.framework in Frameworks */,
				65FA96AE15CD7A4900AC0CCD /* QuartzCore.framework in Frameworks */,
				65FA967015CD263900AC0CCD /* CoreGraphics.framework in Frameworks */,
				65FA966C15CD263900AC0CCD /* UIKit.framework in Frameworks */,
				65FA966E15CD263900AC0CCD /* Foundation.framework in Frameworks */,
				65148E4215F1345500D8458C /* FacebookSDK.framework in Frameworks */,
			);
			runOnlyForDeploymentPostprocessing = 0;
		};
/* End PBXFrameworksBuildPhase section */

/* Begin PBXGroup section */
		655C7A9615ECBDFC00FEEFF4 /* editIcon */ = {
			isa = PBXGroup;
			children = (
				656696AB15FB29B500EBC598 /* caption_hover@2x.png */,
				656696AC15FB29B500EBC598 /* caption@2x.png */,
				656696AD15FB29B500EBC598 /* frame_hover@2x.png */,
				656696AE15FB29B500EBC598 /* frame@2x.png */,
				656696AF15FB29B600EBC598 /* img_edit_hover@2x.png */,
				656696B015FB29B600EBC598 /* img_edit@2x.png */,
				656696B115FB29B600EBC598 /* share_hover@2x.png */,
				656696B215FB29B600EBC598 /* share@2x.png */,
				656696B315FB29B600EBC598 /* trash_hover@2x.png */,
				656696B415FB29B600EBC598 /* trash@2x.png */,
				655C7A8E15ECBDF700FEEFF4 /* colorIcon@2x.png */,
				655C7A8F15ECBDF700FEEFF4 /* deleteIcon@2x.png */,
				655C7A9015ECBDF700FEEFF4 /* frameIcon@2x.png */,
				655C7A9115ECBDF700FEEFF4 /* shareIcon@2x.png */,
				65FA969215CD335300AC0CCD /* pen_icon@2x.png */,
			);
			name = editIcon;
			sourceTree = "<group>";
		};
		655C7A9715ECBFEE00FEEFF4 /* Interface */ = {
			isa = PBXGroup;
			children = (
				65FA967D15CD263900AC0CCD /* MainStoryboard.storyboard */,
				655C7A9815ECC01900FEEFF4 /* adjustView.xib */,
				655C7AA715ECD0E200FEEFF4 /* AdjustView.h */,
				655C7AA815ECD0E200FEEFF4 /* AdjustView.m */,
				6563083015EE8BF50007A36B /* frameSelectView.xib */,
				6563083215EE8C480007A36B /* FrameSelectView.h */,
				6563083315EE8C480007A36B /* FrameSelectView.m */,
				65148E4515F1363900D8458C /* shareView.xib */,
				65148E4715F1366300D8458C /* ShareView.h */,
				65148E4815F1366300D8458C /* ShareView.m */,
				65631E6B15F92FEF00353D4F /* AlbumInfoView.xib */,
				65631E6D15F9303E00353D4F /* AlbumInfoView.h */,
				65631E6E15F9303E00353D4F /* AlbumInfoView.m */,
			);
			name = Interface;
			sourceTree = "<group>";
		};
		6563084115EE9F740007A36B /* frame */ = {
			isa = PBXGroup;
			children = (
				652C0B0315F7CF33008A794D /* stelle_v.png */,
				6563083515EE8CCF0007A36B /* frameList.plist */,
				6563084815EEA2F80007A36B /* niente.png */,
				6563084215EEA07C0007A36B /* verde_sample.png */,
				6563084615EEA27B0007A36B /* stelle_sample.png */,
				6563084415EEA2740007A36B /* stelle.png */,
				6563083F15EE9F6D0007A36B /* verde.png */,
			);
			name = frame;
			sourceTree = "<group>";
		};
		656696BF15FB2CFA00EBC598 /* tabbarIcon */ = {
			isa = PBXGroup;
			children = (
				656696CC15FB2D4900EBC598 /* album_hover@2x.png */,
				656696CD15FB2D4900EBC598 /* album@2x.png */,
				656696CE15FB2D4900EBC598 /* camera_active@2x.png */,
				656696CF15FB2D4900EBC598 /* camera@2x.png */,
				656696D015FB2D4900EBC598 /* kids_hover@2x.png */,
				656696D115FB2D4900EBC598 /* kids@2x.png */,
			);
			name = tabbarIcon;
			sourceTree = "<group>";
		};
		656696D815FB2F6700EBC598 /* backAlbum */ = {
			isa = PBXGroup;
			children = (
				656696EB15FB2FF100EBC598 /* blu_diamond_t.jpg */,
				656696EC15FB2FF100EBC598 /* green_diamond_t.jpg */,
				656696ED15FB2FF100EBC598 /* green_pois_t.jpg */,
				656696EE15FB2FF100EBC598 /* green_star_t.jpg */,
				656696EF15FB2FF100EBC598 /* mixstar_t.jpg */,
				656696F015FB2FF100EBC598 /* pink_pois_t.jpg */,
				656696F115FB2FF100EBC598 /* violet_square_t.jpg */,
				656696F215FB2FF100EBC598 /* violet_star_t.jpg */,
				656696F315FB2FF100EBC598 /* violetsoft_lines_t.jpg */,
				656696D915FB2FAA00EBC598 /* blu_diamond.jpg */,
				656696DA15FB2FAA00EBC598 /* green_diamond.jpg */,
				656696DB15FB2FAA00EBC598 /* green_pois.jpg */,
				656696DC15FB2FAA00EBC598 /* green_star.jpg */,
				656696DD15FB2FAA00EBC598 /* mixstar.jpg */,
				656696DE15FB2FAA00EBC598 /* pink_pois.jpg */,
				656696DF15FB2FAA00EBC598 /* violet_square.jpg */,
				656696E015FB2FAA00EBC598 /* violet_star.jpg */,
				656696E115FB2FAA00EBC598 /* violetsoft_lines.jpg */,
				656696FD15FB300400EBC598 /* albumBackground.plist */,
			);
			name = backAlbum;
			sourceTree = "<group>";
		};
		65D4624215D2F83800B79679 /* TableCell */ = {
			isa = PBXGroup;
			children = (
				65D4624315D2F85900B79679 /* AlbumCell.h */,
				65D4624415D2F85900B79679 /* AlbumCell.m */,
				B5075FB715D6BDFB00B28FA1 /* kidCell.h */,
				B5075FB815D6BDFB00B28FA1 /* kidCell.m */,
			);
			name = TableCell;
			sourceTree = "<group>";
		};
		65D4625F15D3927600B79679 /* Singleton */ = {
			isa = PBXGroup;
			children = (
				65FA96DB15D0281E00AC0CCD /* DataManager.h */,
				65FA96DC15D0281E00AC0CCD /* DataManager.m */,
				65D461F915D2EC7700B79679 /* AlbumManager.h */,
				65D461FA15D2EC7800B79679 /* AlbumManager.m */,
				65D4627E15D543A500B79679 /* SketchManager.h */,
				65D4627F15D543A500B79679 /* SketchManager.m */,
			);
			name = Singleton;
			sourceTree = "<group>";
		};
		65D4629715D556A000B79679 /* Products */ = {
			isa = PBXGroup;
			children = (
				65D4629E15D556A000B79679 /* libGMGridView.a */,
			);
			name = Products;
			sourceTree = "<group>";
		};
		65FA965C15CD263900AC0CCD = {
			isa = PBXGroup;
			children = (
				65F9D59A15FA05BA00A15B7D /* MessageUI.framework */,
				65148E8215F170B600D8458C /* Twitter.framework */,
				655C7AA315ECCBEE00FEEFF4 /* CoreImage.framework */,
				65FA975215D0420900AC0CCD /* ThirdParty */,
				65FA968A15CD2AF200AC0CCD /* images */,
				65FA967115CD263900AC0CCD /* sketchkid_Beta */,
				65FA966A15CD263900AC0CCD /* Frameworks */,
				65FA966815CD263900AC0CCD /* Products */,
			);
			sourceTree = "<group>";
		};
		65FA966815CD263900AC0CCD /* Products */ = {
			isa = PBXGroup;
			children = (
				65FA966715CD263900AC0CCD /* kidsArt.app */,
			);
			name = Products;
			sourceTree = "<group>";
		};
		65FA966A15CD263900AC0CCD /* Frameworks */ = {
			isa = PBXGroup;
			children = (
				65148E4315F1348100D8458C /* FacebookSDKResources.bundle */,
				65148E4115F1345500D8458C /* FacebookSDK.framework */,
				65FA96D915CE57B800AC0CCD /* CoreData.framework */,
				65FA96AD15CD7A4900AC0CCD /* QuartzCore.framework */,
				65FA966B15CD263900AC0CCD /* UIKit.framework */,
				65FA966D15CD263900AC0CCD /* Foundation.framework */,
				65FA966F15CD263900AC0CCD /* CoreGraphics.framework */,
			);
			name = Frameworks;
			sourceTree = "<group>";
		};
		65FA967115CD263900AC0CCD /* sketchkid_Beta */ = {
			isa = PBXGroup;
			children = (
				65148E1615EFD1FC00D8458C /* Localizable.strings */,
				655C7A9715ECBFEE00FEEFF4 /* Interface */,
				65D4625F15D3927600B79679 /* Singleton */,
				65D4624215D2F83800B79679 /* TableCell */,
				65FA96EC15D030D500AC0CCD /* model */,
				65FA96C615CE473400AC0CCD /* helper */,
				65FA96C515CE471300AC0CCD /* viewController */,
				65FA967A15CD263900AC0CCD /* AppDelegate.h */,
				65FA967B15CD263900AC0CCD /* AppDelegate.m */,
				65FA967215CD263900AC0CCD /* Supporting Files */,
			);
			path = sketchkid_Beta;
			sourceTree = "<group>";
		};
		65FA967215CD263900AC0CCD /* Supporting Files */ = {
			isa = PBXGroup;
			children = (
				65FA967315CD263900AC0CCD /* kidsArt-Info.plist */,
				65FA967415CD263900AC0CCD /* InfoPlist.strings */,
				65FA967715CD263900AC0CCD /* main.m */,
				65FA967915CD263900AC0CCD /* kidsArt-Prefix.pch */,
			);
			name = "Supporting Files";
			sourceTree = "<group>";
		};
		65FA968A15CD2AF200AC0CCD /* images */ = {
			isa = PBXGroup;
			children = (
				656696D815FB2F6700EBC598 /* backAlbum */,
				656696BF15FB2CFA00EBC598 /* tabbarIcon */,
				65F9D59C15FA09B000A15B7D /* facebookIcon@2x.png */,
				65F9D59D15FA09B000A15B7D /* mailcon@2x.png */,
				65F9D59E15FA09B000A15B7D /* twitterIcon@2x.png */,
				65148E7C15F16B5600D8458C /* shareFB@2x.png */,
				65148E7D15F16B5600D8458C /* shareMail@2x.png */,
				65148E7E15F16B5600D8458C /* shareTwitter@2x.png */,
				65148E1815EFD5AD00D8458C /* Snickles.ttf */,
				65631E6715F91A4400353D4F /* HelveticaRoundedLTStd-Bd.otf */,
				6563084115EE9F740007A36B /* frame */,
				655C7A9615ECBDFC00FEEFF4 /* editIcon */,
				B5FF1BF915D63F0A004D42AF /* cancelCameraIcon@2x.png */,
				B5FF1BFA15D63F0A004D42AF /* savePhotosIcon@2x.png */,
				65D4624615D302FE00B79679 /* backAlbumCell.png */,
				65F9D58F15F9F2B700A15B7D /* tabella@2x.png */,
				65631E6915F92CE600353D4F /* cornicefoto@2x.png */,
				65631E7215F9440F00353D4F /* backCaption@2x.png */,
				65FA97A315D05EAC00AC0CCD /* close_x.png */,
				65FA96E115D02B2900AC0CCD /* bckInserimento@2x.png */,
				65FA97A515D0697B00AC0CCD /* bambinoDefault2@2x.png */,
				65FA96E515D02DCE00AC0CCD /* evidenzia@2x.png */,
				65FA96E715D02ED200AC0CCD /* bambinoDefault@2x.png */,
				65FA96D015CE53DC00AC0CCD /* corniceBimbo@2x.png */,
				65FA96B815CD867800AC0CCD /* addFavorites@2x.png */,
				65FA96CE15CE514200AC0CCD /* strisciaGialla@2x.png */,
				65FA969C15CD3E2200AC0CCD /* cameraIcon@2x.png */,
				65FA96A115CD411F00AC0CCD /* albumIcon@2x.png */,
				65FA96A215CD411F00AC0CCD /* kidsIcon@2x.png */,
				65FA96E315D02C5E00AC0CCD /* bottoneSalva@2x.png */,
				65FA969915CD3C8900AC0CCD /* backHome@2x.png */,
				65FA96A715CD770900AC0CCD /* navigationBar@2x.png */,
				65FA96CC15CE4DCD00AC0CCD /* backKidsViola.png */,
				65FA96B615CD835D00AC0CCD /* albumBar@2x.png */,
				65D4627915D450D400B79679 /* home.jpg */,
				65FA96CA15CE49D300AC0CCD /* greyBar@2x.png */,
				65FA96B215CD7CAE00AC0CCD /* sampleSketch.png */,
				65FA969715CD3BC300AC0CCD /* toolBackHome@2x.png */,
				65D4625715D3108100B79679 /* tick.aiff */,
				65F9D59715FA040000A15B7D /* contrastIcon@2x.png */,
				65FA969015CD32A900AC0CCD /* toolBarBack@2x.png */,
				655C7A9D15ECC6EC00FEEFF4 /* backgroundSubView@2x.png */,
				65F9D59315F9FEF600A15B7D /* kidCellBack@2x.png */,
				655C7AA515ECCC6A00FEEFF4 /* brightnessIcon@2x.png */,
			);
			name = images;
			sourceTree = "<group>";
		};
		65FA96C515CE471300AC0CCD /* viewController */ = {
			isa = PBXGroup;
			children = (
				65D461DA15D1882F00B79679 /* MyTabBarViewController.h */,
				65D461DB15D1882F00B79679 /* MyTabBarViewController.m */,
				65D4628815D5519500B79679 /* EditSketchInfoViewController.h */,
				65D4628915D5519500B79679 /* EditSketchInfoViewController.m */,
				65FA969415CD3A0700AC0CCD /* HomeViewController.h */,
				65FA969515CD3A0700AC0CCD /* HomeViewController.m */,
				65FA968015CD263A00AC0CCD /* ViewController.h */,
				65FA968115CD263A00AC0CCD /* ViewController.m */,
				65FA96C715CE478F00AC0CCD /* kidsViewController.h */,
				65FA96C815CE478F00AC0CCD /* kidsViewController.m */,
				65FA96DE15D0290300AC0CCD /* newKidViewController.h */,
				65FA96DF15D0290300AC0CCD /* newKidViewController.m */,
				65D461EA15D2D15700B79679 /* TakePictureViewController.h */,
				65D461EB15D2D15700B79679 /* TakePictureViewController.m */,
				65D4620215D2F66200B79679 /* AlbumViewController.h */,
				65D4620315D2F66200B79679 /* AlbumViewController.m */,
				65B7289815D564AF0025D692 /* SelectAlbumViewController.h */,
				65B7289915D564AF0025D692 /* SelectAlbumViewController.m */,
				65B7289B15D569E50025D692 /* newAlbumViewController.h */,
				65B7289C15D569E50025D692 /* newAlbumViewController.m */,
				B5075FB415D6BCC400B28FA1 /* SelectKidViewController.h */,
				B5075FB515D6BCC400B28FA1 /* SelectKidViewController.m */,
				65F9D5A215FA0E2E00A15B7D /* selectCopertinaViewController.h */,
				65F9D5A315FA0E2E00A15B7D /* selectCopertinaViewController.m */,
			);
			name = viewController;
			path = ..;
			sourceTree = "<group>";
		};
		65FA96C615CE473400AC0CCD /* helper */ = {
			isa = PBXGroup;
			children = (
				65148E6A15F15E1300D8458C /* MBProgressHUD.h */,
				65148E6B15F15E1300D8458C /* MBProgressHUD.m */,
				B5FF1C0015D6431B004D42AF /* MKNumberBadgeView.h */,
				B5FF1C0115D6431B004D42AF /* MKNumberBadgeView.m */,
				65D4625C15D31CCD00B79679 /* CustomOverlayView.h */,
				65D4625D15D31CCE00B79679 /* CustomOverlayView.m */,
				65FA968B15CD2F7100AC0CCD /* UIToolbar+extension.h */,
				65FA968C15CD2F7100AC0CCD /* UIToolbar+extension.m */,
				65FA96AF15CD7A9600AC0CCD /* UIImage+Scale.h */,
				65FA96B015CD7A9600AC0CCD /* UIImage+Scale.m */,
				655C7A8B15ECBB4E00FEEFF4 /* UIView+Animation.h */,
				655C7A8C15ECBB4E00FEEFF4 /* UIView+Animation.m */,
				65FA96C215CD8F0D00AC0CCD /* UIView+PartialCurl.h */,
				65FA96C315CD8F0D00AC0CCD /* UIView+PartialCurl.m */,
				65D461ED15D2DDD800B79679 /* SegueWithNoAnimation.h */,
				65D461EE15D2DDD800B79679 /* SegueWithNoAnimation.m */,
				65BFC25415F6B5D2001B61D5 /* ATScrollView.h */,
				65BFC25515F6B5D2001B61D5 /* ATScrollView.m */,
				652C0AEF15F7380A008A794D /* ATPhotoScrollView.h */,
				652C0AF015F7380A008A794D /* ATPhotoScrollView.m */,
				652C0AF515F73A86008A794D /* ImageScrollView.h */,
				652C0AF615F73A86008A794D /* ImageScrollView.m */,
			);
			name = helper;
			sourceTree = "<group>";
		};
		65FA96EC15D030D500AC0CCD /* model */ = {
			isa = PBXGroup;
			children = (
				65FA96D215CE561900AC0CCD /* sketchkidModel.xcdatamodeld */,
				65FA96E915D030CC00AC0CCD /* Kid.h */,
				65FA96EA15D030CC00AC0CCD /* Kid.m */,
				B5075FBA15D6C0E900B28FA1 /* Sketch.h */,
				B5075FBB15D6C0E900B28FA1 /* Sketch.m */,
				652C0AFC15F7C1DE008A794D /* Frame.h */,
				652C0AFD15F7C1DE008A794D /* Frame.m */,
				652C0B0815F7E733008A794D /* Album.h */,
				652C0B0915F7E733008A794D /* Album.m */,
				656696FF15FB31BB00EBC598 /* BackAlbum.h */,
				6566970015FB31BB00EBC598 /* BackAlbum.m */,
			);
			name = model;
			sourceTree = "<group>";
		};
		65FA975215D0420900AC0CCD /* ThirdParty */ = {
			isa = PBXGroup;
			children = (
				65D4629615D556A000B79679 /* GMGridView.xcodeproj */,
			);
			name = ThirdParty;
			sourceTree = "<group>";
		};
/* End PBXGroup section */

/* Begin PBXNativeTarget section */
		65FA966615CD263900AC0CCD /* kidsArt */ = {
			isa = PBXNativeTarget;
			buildConfigurationList = 65FA968515CD263A00AC0CCD /* Build configuration list for PBXNativeTarget "kidsArt" */;
			buildPhases = (
				65FA966315CD263900AC0CCD /* Sources */,
				65FA966415CD263900AC0CCD /* Frameworks */,
				65FA966515CD263900AC0CCD /* Resources */,
			);
			buildRules = (
			);
			dependencies = (
			);
			name = kidsArt;
			productName = sketchkid_Beta;
			productReference = 65FA966715CD263900AC0CCD /* kidsArt.app */;
			productType = "com.apple.product-type.application";
		};
/* End PBXNativeTarget section */

/* Begin PBXProject section */
		65FA965E15CD263900AC0CCD /* Project object */ = {
			isa = PBXProject;
			attributes = {
				LastUpgradeCheck = 0440;
				ORGANIZATIONNAME = "Andrea Terzani";
			};
			buildConfigurationList = 65FA966115CD263900AC0CCD /* Build configuration list for PBXProject "kidsArt" */;
			compatibilityVersion = "Xcode 3.2";
			developmentRegion = English;
			hasScannedForEncodings = 0;
			knownRegions = (
				en,
				it,
			);
			mainGroup = 65FA965C15CD263900AC0CCD;
			productRefGroup = 65FA966815CD263900AC0CCD /* Products */;
			projectDirPath = "";
			projectReferences = (
				{
					ProductGroup = 65D4629715D556A000B79679 /* Products */;
					ProjectRef = 65D4629615D556A000B79679 /* GMGridView.xcodeproj */;
				},
			);
			projectRoot = "";
			targets = (
				65FA966615CD263900AC0CCD /* kidsArt */,
			);
		};
/* End PBXProject section */

/* Begin PBXReferenceProxy section */
		65D4629E15D556A000B79679 /* libGMGridView.a */ = {
			isa = PBXReferenceProxy;
			fileType = archive.ar;
			path = libGMGridView.a;
			remoteRef = 65D4629D15D556A000B79679 /* PBXContainerItemProxy */;
			sourceTree = BUILT_PRODUCTS_DIR;
		};
/* End PBXReferenceProxy section */

/* Begin PBXResourcesBuildPhase section */
		65FA966515CD263900AC0CCD /* Resources */ = {
			isa = PBXResourcesBuildPhase;
			buildActionMask = 2147483647;
			files = (
				65FA967615CD263900AC0CCD /* InfoPlist.strings in Resources */,
				65FA967F15CD263900AC0CCD /* MainStoryboard.storyboard in Resources */,
				65FA969115CD32A900AC0CCD /* toolBarBack@2x.png in Resources */,
				65FA969315CD335300AC0CCD /* pen_icon@2x.png in Resources */,
				65FA969815CD3BC300AC0CCD /* toolBackHome@2x.png in Resources */,
				65FA969A15CD3C8900AC0CCD /* backHome@2x.png in Resources */,
				65FA969F15CD3E2200AC0CCD /* cameraIcon@2x.png in Resources */,
				65FA96A315CD411F00AC0CCD /* albumIcon@2x.png in Resources */,
				65FA96A415CD411F00AC0CCD /* kidsIcon@2x.png in Resources */,
				65FA96A815CD770900AC0CCD /* navigationBar@2x.png in Resources */,
				65FA96B315CD7CAE00AC0CCD /* sampleSketch.png in Resources */,
				65FA96B715CD835D00AC0CCD /* albumBar@2x.png in Resources */,
				65FA96B915CD867800AC0CCD /* addFavorites@2x.png in Resources */,
				65FA96CB15CE49D300AC0CCD /* greyBar@2x.png in Resources */,
				65FA96CD15CE4DCD00AC0CCD /* backKidsViola.png in Resources */,
				65FA96CF15CE514200AC0CCD /* strisciaGialla@2x.png in Resources */,
				65FA96D115CE53DC00AC0CCD /* corniceBimbo@2x.png in Resources */,
				65FA96E215D02B2900AC0CCD /* bckInserimento@2x.png in Resources */,
				65FA96E415D02C5E00AC0CCD /* bottoneSalva@2x.png in Resources */,
				65FA96E615D02DCE00AC0CCD /* evidenzia@2x.png in Resources */,
				65FA96E815D02ED200AC0CCD /* bambinoDefault@2x.png in Resources */,
				65FA97A415D05EAC00AC0CCD /* close_x.png in Resources */,
				65FA97A615D0697B00AC0CCD /* bambinoDefault2@2x.png in Resources */,
				65D4624715D302FE00B79679 /* backAlbumCell.png in Resources */,
				65D4625815D3108100B79679 /* tick.aiff in Resources */,
				65D4627A15D450D400B79679 /* home.jpg in Resources */,
				B5FF1BFB15D63F0A004D42AF /* cancelCameraIcon@2x.png in Resources */,
				B5FF1BFC15D63F0A004D42AF /* savePhotosIcon@2x.png in Resources */,
				655C7A9215ECBDF700FEEFF4 /* colorIcon@2x.png in Resources */,
				655C7A9315ECBDF700FEEFF4 /* deleteIcon@2x.png in Resources */,
				655C7A9415ECBDF700FEEFF4 /* frameIcon@2x.png in Resources */,
				655C7A9515ECBDF700FEEFF4 /* shareIcon@2x.png in Resources */,
				655C7A9915ECC01900FEEFF4 /* adjustView.xib in Resources */,
				655C7A9E15ECC6EC00FEEFF4 /* backgroundSubView@2x.png in Resources */,
				655C7AA615ECCC6A00FEEFF4 /* brightnessIcon@2x.png in Resources */,
				6563083115EE8BF50007A36B /* frameSelectView.xib in Resources */,
				6563083615EE8CCF0007A36B /* frameList.plist in Resources */,
				6563084015EE9F6D0007A36B /* verde.png in Resources */,
				6563084315EEA07C0007A36B /* verde_sample.png in Resources */,
				6563084515EEA2740007A36B /* stelle.png in Resources */,
				6563084715EEA27B0007A36B /* stelle_sample.png in Resources */,
				6563084915EEA2F80007A36B /* niente.png in Resources */,
				65148E1415EFD1FC00D8458C /* Localizable.strings in Resources */,
				65148E1915EFD5AD00D8458C /* Snickles.ttf in Resources */,
				65148E4415F1348100D8458C /* FacebookSDKResources.bundle in Resources */,
				65148E4615F1363900D8458C /* shareView.xib in Resources */,
				65148E7F15F16B5600D8458C /* shareFB@2x.png in Resources */,
				65148E8015F16B5600D8458C /* shareMail@2x.png in Resources */,
				65148E8115F16B5600D8458C /* shareTwitter@2x.png in Resources */,
				652C0B0415F7CF33008A794D /* stelle_v.png in Resources */,
				65631E6815F91A4400353D4F /* HelveticaRoundedLTStd-Bd.otf in Resources */,
				65631E6A15F92CE600353D4F /* cornicefoto@2x.png in Resources */,
				65631E6C15F92FEF00353D4F /* AlbumInfoView.xib in Resources */,
				65631E7315F9440F00353D4F /* backCaption@2x.png in Resources */,
				65F9D59015F9F2B700A15B7D /* tabella@2x.png in Resources */,
				65F9D59415F9FEF600A15B7D /* kidCellBack@2x.png in Resources */,
				65F9D59815FA040000A15B7D /* contrastIcon@2x.png in Resources */,
				65F9D59F15FA09B100A15B7D /* facebookIcon@2x.png in Resources */,
				65F9D5A015FA09B100A15B7D /* mailcon@2x.png in Resources */,
				65F9D5A115FA09B100A15B7D /* twitterIcon@2x.png in Resources */,
				656696B515FB29B600EBC598 /* caption_hover@2x.png in Resources */,
				656696B615FB29B600EBC598 /* caption@2x.png in Resources */,
				656696B715FB29B600EBC598 /* frame_hover@2x.png in Resources */,
				656696B815FB29B600EBC598 /* frame@2x.png in Resources */,
				656696B915FB29B600EBC598 /* img_edit_hover@2x.png in Resources */,
				656696BA15FB29B600EBC598 /* img_edit@2x.png in Resources */,
				656696BB15FB29B600EBC598 /* share_hover@2x.png in Resources */,
				656696BC15FB29B600EBC598 /* share@2x.png in Resources */,
				656696BD15FB29B600EBC598 /* trash_hover@2x.png in Resources */,
				656696BE15FB29B600EBC598 /* trash@2x.png in Resources */,
				656696D215FB2D4900EBC598 /* album_hover@2x.png in Resources */,
				656696D315FB2D4900EBC598 /* album@2x.png in Resources */,
				656696D415FB2D4900EBC598 /* camera_active@2x.png in Resources */,
				656696D515FB2D4900EBC598 /* camera@2x.png in Resources */,
				656696D615FB2D4900EBC598 /* kids_hover@2x.png in Resources */,
				656696D715FB2D4900EBC598 /* kids@2x.png in Resources */,
				656696E215FB2FAA00EBC598 /* blu_diamond.jpg in Resources */,
				656696E315FB2FAA00EBC598 /* green_diamond.jpg in Resources */,
				656696E415FB2FAA00EBC598 /* green_pois.jpg in Resources */,
				656696E515FB2FAA00EBC598 /* green_star.jpg in Resources */,
				656696E615FB2FAA00EBC598 /* mixstar.jpg in Resources */,
				656696E715FB2FAA00EBC598 /* pink_pois.jpg in Resources */,
				656696E815FB2FAA00EBC598 /* violet_square.jpg in Resources */,
				656696E915FB2FAA00EBC598 /* violet_star.jpg in Resources */,
				656696EA15FB2FAA00EBC598 /* violetsoft_lines.jpg in Resources */,
				656696F415FB2FF100EBC598 /* blu_diamond_t.jpg in Resources */,
				656696F515FB2FF100EBC598 /* green_diamond_t.jpg in Resources */,
				656696F615FB2FF100EBC598 /* green_pois_t.jpg in Resources */,
				656696F715FB2FF100EBC598 /* green_star_t.jpg in Resources */,
				656696F815FB2FF100EBC598 /* mixstar_t.jpg in Resources */,
				656696F915FB2FF100EBC598 /* pink_pois_t.jpg in Resources */,
				656696FA15FB2FF100EBC598 /* violet_square_t.jpg in Resources */,
				656696FB15FB2FF100EBC598 /* violet_star_t.jpg in Resources */,
				656696FC15FB2FF100EBC598 /* violetsoft_lines_t.jpg in Resources */,
				656696FE15FB300400EBC598 /* albumBackground.plist in Resources */,
			);
			runOnlyForDeploymentPostprocessing = 0;
		};
/* End PBXResourcesBuildPhase section */

/* Begin PBXSourcesBuildPhase section */
		65FA966315CD263900AC0CCD /* Sources */ = {
			isa = PBXSourcesBuildPhase;
			buildActionMask = 2147483647;
			files = (
				6509B17515ECE52900D2697C /* UIView+Animation.m in Sources */,
				6509B17315ECE47C00D2697C /* adjustView.xib in Sources */,
				6509B17415ECE47C00D2697C /* AdjustView.m in Sources */,
				65FA967815CD263900AC0CCD /* main.m in Sources */,
				65FA967C15CD263900AC0CCD /* AppDelegate.m in Sources */,
				65FA968215CD263A00AC0CCD /* ViewController.m in Sources */,
				65FA968D15CD2F7100AC0CCD /* UIToolbar+extension.m in Sources */,
				65FA969615CD3A0700AC0CCD /* HomeViewController.m in Sources */,
				65FA96B115CD7A9600AC0CCD /* UIImage+Scale.m in Sources */,
				65FA96C415CD8F0D00AC0CCD /* UIView+PartialCurl.m in Sources */,
				65FA96C915CE478F00AC0CCD /* kidsViewController.m in Sources */,
				65FA96D415CE561900AC0CCD /* sketchkidModel.xcdatamodeld in Sources */,
				65FA96DD15D0281E00AC0CCD /* DataManager.m in Sources */,
				65FA96E015D0290300AC0CCD /* newKidViewController.m in Sources */,
				65FA96EB15D030CC00AC0CCD /* Kid.m in Sources */,
				65D461DC15D1882F00B79679 /* MyTabBarViewController.m in Sources */,
				65D461EC15D2D15700B79679 /* TakePictureViewController.m in Sources */,
				65D461EF15D2DDD800B79679 /* SegueWithNoAnimation.m in Sources */,
				65D461FB15D2EC7800B79679 /* AlbumManager.m in Sources */,
				65D4620415D2F66300B79679 /* AlbumViewController.m in Sources */,
				65D4624515D2F85900B79679 /* AlbumCell.m in Sources */,
				65D4625E15D31CCE00B79679 /* CustomOverlayView.m in Sources */,
				65D4628015D543A500B79679 /* SketchManager.m in Sources */,
				65D4628A15D5519500B79679 /* EditSketchInfoViewController.m in Sources */,
				65B7289A15D564AF0025D692 /* SelectAlbumViewController.m in Sources */,
				65B7289D15D569E50025D692 /* newAlbumViewController.m in Sources */,
				B5FF1C0215D6431C004D42AF /* MKNumberBadgeView.m in Sources */,
				B5075FB615D6BCC400B28FA1 /* SelectKidViewController.m in Sources */,
				B5075FB915D6BDFB00B28FA1 /* kidCell.m in Sources */,
				B5075FBC15D6C0E900B28FA1 /* Sketch.m in Sources */,
				6563083415EE8C480007A36B /* FrameSelectView.m in Sources */,
				65148E4915F1366300D8458C /* ShareView.m in Sources */,
				65148E6C15F15E1300D8458C /* MBProgressHUD.m in Sources */,
				65BFC25615F6B5D2001B61D5 /* ATScrollView.m in Sources */,
				652C0AF115F7380A008A794D /* ATPhotoScrollView.m in Sources */,
				652C0AF715F73A86008A794D /* ImageScrollView.m in Sources */,
				652C0AFE15F7C1DE008A794D /* Frame.m in Sources */,
				652C0B0A15F7E733008A794D /* Album.m in Sources */,
				65631E6F15F9303E00353D4F /* AlbumInfoView.m in Sources */,
				65F9D5A415FA0E2E00A15B7D /* selectCopertinaViewController.m in Sources */,
				6566970115FB31BB00EBC598 /* BackAlbum.m in Sources */,
			);
			runOnlyForDeploymentPostprocessing = 0;
		};
/* End PBXSourcesBuildPhase section */

/* Begin PBXVariantGroup section */
		65148E1615EFD1FC00D8458C /* Localizable.strings */ = {
			isa = PBXVariantGroup;
			children = (
				65148E1515EFD1FC00D8458C /* en */,
				65148E1715EFD42C00D8458C /* it */,
			);
			name = Localizable.strings;
			path = ..;
			sourceTree = "<group>";
		};
		65FA967415CD263900AC0CCD /* InfoPlist.strings */ = {
			isa = PBXVariantGroup;
			children = (
				65FA967515CD263900AC0CCD /* en */,
			);
			name = InfoPlist.strings;
			sourceTree = "<group>";
		};
		65FA967D15CD263900AC0CCD /* MainStoryboard.storyboard */ = {
			isa = PBXVariantGroup;
			children = (
				65FA967E15CD263900AC0CCD /* en */,
				65B2255315FA42C600C0F8EA /* it */,
			);
			name = MainStoryboard.storyboard;
			sourceTree = "<group>";
		};
/* End PBXVariantGroup section */

/* Begin XCBuildConfiguration section */
		65FA968315CD263A00AC0CCD /* Debug */ = {
			isa = XCBuildConfiguration;
			buildSettings = {
				ALWAYS_SEARCH_USER_PATHS = NO;
				ARCHS = "$(ARCHS_STANDARD_32_BIT)";
				CLANG_CXX_LANGUAGE_STANDARD = "gnu++0x";
				CLANG_ENABLE_OBJC_ARC = YES;
				CLANG_WARN__DUPLICATE_METHOD_MATCH = YES;
				"CODE_SIGN_IDENTITY[sdk=iphoneos*]" = "iPhone Developer";
				COPY_PHASE_STRIP = NO;
				GCC_C_LANGUAGE_STANDARD = gnu99;
				GCC_DYNAMIC_NO_PIC = NO;
				GCC_OPTIMIZATION_LEVEL = 0;
				GCC_PREPROCESSOR_DEFINITIONS = (
					"DEBUG=1",
					"$(inherited)",
				);
				GCC_SYMBOLS_PRIVATE_EXTERN = NO;
				GCC_VERSION = com.apple.compilers.llvm.clang.1_0;
				GCC_WARN_ABOUT_RETURN_TYPE = YES;
				GCC_WARN_UNINITIALIZED_AUTOS = YES;
				GCC_WARN_UNUSED_VARIABLE = YES;
				IPHONEOS_DEPLOYMENT_TARGET = 5.1;
				SDKROOT = iphoneos;
			};
			name = Debug;
		};
		65FA968415CD263A00AC0CCD /* Release */ = {
			isa = XCBuildConfiguration;
			buildSettings = {
				ALWAYS_SEARCH_USER_PATHS = NO;
				ARCHS = "$(ARCHS_STANDARD_32_BIT)";
				CLANG_CXX_LANGUAGE_STANDARD = "gnu++0x";
				CLANG_ENABLE_OBJC_ARC = YES;
				CLANG_WARN__DUPLICATE_METHOD_MATCH = YES;
				"CODE_SIGN_IDENTITY[sdk=iphoneos*]" = "iPhone Developer";
				COPY_PHASE_STRIP = YES;
				GCC_C_LANGUAGE_STANDARD = gnu99;
				GCC_VERSION = com.apple.compilers.llvm.clang.1_0;
				GCC_WARN_ABOUT_RETURN_TYPE = YES;
				GCC_WARN_UNINITIALIZED_AUTOS = YES;
				GCC_WARN_UNUSED_VARIABLE = YES;
				IPHONEOS_DEPLOYMENT_TARGET = 5.1;
				OTHER_CFLAGS = "-DNS_BLOCK_ASSERTIONS=1";
				SDKROOT = iphoneos;
				VALIDATE_PRODUCT = YES;
			};
			name = Release;
		};
		65FA968615CD263A00AC0CCD /* Debug */ = {
			isa = XCBuildConfiguration;
			buildSettings = {
				FRAMEWORK_SEARCH_PATHS = (
					"$(inherited)",
					"\"$(SRCROOT)/../../Documents/FacebookSDK\"",
				);
				GCC_PRECOMPILE_PREFIX_HEADER = YES;
				GCC_PREFIX_HEADER = "sketchkid_Beta/kidsArt-Prefix.pch";
				HEADER_SEARCH_PATHS = "GMGridView/**";
				INFOPLIST_FILE = "sketchkid_Beta/kidsArt-Info.plist";
				OTHER_LDFLAGS = (
					"-ObjC",
					"-all_load",
					"-lsqlite3.0",
				);
				PRODUCT_NAME = kidsArt;
				USER_HEADER_SEARCH_PATHS = "/Users/andrea/Desktop/gmoledina-GMGridView-1d9ad9d/GMGridView/**";
				WRAPPER_EXTENSION = app;
			};
			name = Debug;
		};
		65FA968715CD263A00AC0CCD /* Release */ = {
			isa = XCBuildConfiguration;
			buildSettings = {
				FRAMEWORK_SEARCH_PATHS = (
					"$(inherited)",
					"\"$(SRCROOT)/../../Documents/FacebookSDK\"",
				);
				GCC_PRECOMPILE_PREFIX_HEADER = YES;
				GCC_PREFIX_HEADER = "sketchkid_Beta/kidsArt-Prefix.pch";
				HEADER_SEARCH_PATHS = "GMGridView/**";
				INFOPLIST_FILE = "sketchkid_Beta/kidsArt-Info.plist";
				OTHER_LDFLAGS = (
					"-ObjC",
					"-all_load",
					"-lsqlite3.0",
				);
				PRODUCT_NAME = kidsArt;
				USER_HEADER_SEARCH_PATHS = "/Users/andrea/Desktop/gmoledina-GMGridView-1d9ad9d/GMGridView/**";
				WRAPPER_EXTENSION = app;
			};
			name = Release;
		};
/* End XCBuildConfiguration section */

/* Begin XCConfigurationList section */
		65FA966115CD263900AC0CCD /* Build configuration list for PBXProject "kidsArt" */ = {
			isa = XCConfigurationList;
			buildConfigurations = (
				65FA968315CD263A00AC0CCD /* Debug */,
				65FA968415CD263A00AC0CCD /* Release */,
			);
			defaultConfigurationIsVisible = 0;
			defaultConfigurationName = Release;
		};
		65FA968515CD263A00AC0CCD /* Build configuration list for PBXNativeTarget "kidsArt" */ = {
			isa = XCConfigurationList;
			buildConfigurations = (
				65FA968615CD263A00AC0CCD /* Debug */,
				65FA968715CD263A00AC0CCD /* Release */,
			);
			defaultConfigurationIsVisible = 0;
			defaultConfigurationName = Release;
		};
/* End XCConfigurationList section */

/* Begin XCVersionGroup section */
		65FA96D215CE561900AC0CCD /* sketchkidModel.xcdatamodeld */ = {
			isa = XCVersionGroup;
			children = (
				65FA96D315CE561900AC0CCD /* sketchkidModel.xcdatamodel */,
			);
			currentVersion = 65FA96D315CE561900AC0CCD /* sketchkidModel.xcdatamodel */;
			name = sketchkidModel.xcdatamodeld;
			path = ../sketchkidModel.xcdatamodeld;
			sourceTree = "<group>";
			versionGroupType = wrapper.xcdatamodel;
		};
/* End XCVersionGroup section */
	};
	rootObject = 65FA965E15CD263900AC0CCD /* Project object */;
}
